// !$*UTF8*$!
{
	archiveVersion = 1;
	classes = {
	};
	objectVersion = 46;
	objects = {

/* Begin PBXBuildFile section */
		681C161D1F3310F4008F9AA2 /* TestView.m in Sources */ = {isa = PBXBuildFile; fileRef = 681C161C1F3310F4008F9AA2 /* TestView.m */; };
		681C16231F3322F4008F9AA2 /* UIView+ZMAdd.m in Sources */ = {isa = PBXBuildFile; fileRef = 681C16221F3322F4008F9AA2 /* UIView+ZMAdd.m */; };
		6822C13F1F2B1BBB0027DF6F /* DrawRect1_VC.m in Sources */ = {isa = PBXBuildFile; fileRef = 6822C13E1F2B1BBB0027DF6F /* DrawRect1_VC.m */; };
		6827CDFC1F0F2B4D005B5EC8 /* CATransition_VC.m in Sources */ = {isa = PBXBuildFile; fileRef = 6827CDFB1F0F2B4D005B5EC8 /* CATransition_VC.m */; };
		6827CDFE1F0F36D9005B5EC8 /* Home.jpg in Resources */ = {isa = PBXBuildFile; fileRef = 6827CDFD1F0F36D9005B5EC8 /* Home.jpg */; };
		6827CE001F0F521D005B5EC8 /* aa.png in Resources */ = {isa = PBXBuildFile; fileRef = 6827CDFF1F0F521D005B5EC8 /* aa.png */; };
		6827CE021F0F59DE005B5EC8 /* bb.png in Resources */ = {isa = PBXBuildFile; fileRef = 6827CE011F0F59DE005B5EC8 /* bb.png */; };
		6827CE041F0F5B91005B5EC8 /* cc.png in Resources */ = {isa = PBXBuildFile; fileRef = 6827CE031F0F5B91005B5EC8 /* cc.png */; };
		683C1D671F173DB90050ABAB /* DrawRectView2.m in Sources */ = {isa = PBXBuildFile; fileRef = 683C1D661F173DB90050ABAB /* DrawRectView2.m */; };
		683C1D6D1F173E520050ABAB /* DrawRect2_VC.m in Sources */ = {isa = PBXBuildFile; fileRef = 683C1D6C1F173E520050ABAB /* DrawRect2_VC.m */; };
		683C1D991F175BB30050ABAB /* NSObject+NSLog.m in Sources */ = {isa = PBXBuildFile; fileRef = 683C1D981F175BB30050ABAB /* NSObject+NSLog.m */; };
		685ACA731F0DDFB700C6BF2C /* main.m in Sources */ = {isa = PBXBuildFile; fileRef = 685ACA721F0DDFB700C6BF2C /* main.m */; };
		685ACA761F0DDFB700C6BF2C /* AppDelegate.m in Sources */ = {isa = PBXBuildFile; fileRef = 685ACA751F0DDFB700C6BF2C /* AppDelegate.m */; };
		685ACA7C1F0DDFB700C6BF2C /* Main.storyboard in Resources */ = {isa = PBXBuildFile; fileRef = 685ACA7A1F0DDFB700C6BF2C /* Main.storyboard */; };
		685ACA7F1F0DDFB700C6BF2C /* ZM_CALayerAnimation.xcdatamodeld in Sources */ = {isa = PBXBuildFile; fileRef = 685ACA7D1F0DDFB700C6BF2C /* ZM_CALayerAnimation.xcdatamodeld */; };
		685ACA811F0DDFB700C6BF2C /* Assets.xcassets in Resources */ = {isa = PBXBuildFile; fileRef = 685ACA801F0DDFB700C6BF2C /* Assets.xcassets */; };
		685ACA841F0DDFB700C6BF2C /* LaunchScreen.storyboard in Resources */ = {isa = PBXBuildFile; fileRef = 685ACA821F0DDFB700C6BF2C /* LaunchScreen.storyboard */; };
		685ACA8F1F0DDFB700C6BF2C /* ZM_CALayerAnimationTests.m in Sources */ = {isa = PBXBuildFile; fileRef = 685ACA8E1F0DDFB700C6BF2C /* ZM_CALayerAnimationTests.m */; };
		685ACA9A1F0DDFB800C6BF2C /* ZM_CALayerAnimationUITests.m in Sources */ = {isa = PBXBuildFile; fileRef = 685ACA991F0DDFB800C6BF2C /* ZM_CALayerAnimationUITests.m */; };
		685ACAB91F0DDFD100C6BF2C /* BBaseViewController.m in Sources */ = {isa = PBXBuildFile; fileRef = 685ACAAB1F0DDFD100C6BF2C /* BBaseViewController.m */; };
		685ACABA1F0DDFD100C6BF2C /* Common.m in Sources */ = {isa = PBXBuildFile; fileRef = 685ACAAD1F0DDFD100C6BF2C /* Common.m */; };
		685ACABC1F0DDFD100C6BF2C /* FirstVController.m in Sources */ = {isa = PBXBuildFile; fileRef = 685ACAB11F0DDFD100C6BF2C /* FirstVController.m */; };
		685ACABD1F0DDFD100C6BF2C /* FirstVController.xib in Resources */ = {isa = PBXBuildFile; fileRef = 685ACAB21F0DDFD100C6BF2C /* FirstVController.xib */; };
		685ACABE1F0DDFD100C6BF2C /* SecondVController.m in Sources */ = {isa = PBXBuildFile; fileRef = 685ACAB41F0DDFD100C6BF2C /* SecondVController.m */; };
		685ACAC71F0DE01200C6BF2C /* UIView+ZMAdd.m in Sources */ = {isa = PBXBuildFile; fileRef = 685ACAC41F0DE01200C6BF2C /* UIView+ZMAdd.m */; };
		685ACAC81F0DE01200C6BF2C /* UIView+ZMFrame.m in Sources */ = {isa = PBXBuildFile; fileRef = 685ACAC61F0DE01200C6BF2C /* UIView+ZMFrame.m */; };
		685ACAD01F0DE04600C6BF2C /* UIBezierPath+ZJText.m in Sources */ = {isa = PBXBuildFile; fileRef = 685ACACC1F0DE04600C6BF2C /* UIBezierPath+ZJText.m */; };
		685ACAD11F0DE04600C6BF2C /* XSChart.m in Sources */ = {isa = PBXBuildFile; fileRef = 685ACACF1F0DE04600C6BF2C /* XSChart.m */; };
		685ACAE21F0DE24100C6BF2C /* Checkmark@2x.png in Resources */ = {isa = PBXBuildFile; fileRef = 685ACADA1F0DE24100C6BF2C /* Checkmark@2x.png */; };
		685ACAE31F0DE24100C6BF2C /* compress.png in Resources */ = {isa = PBXBuildFile; fileRef = 685ACADB1F0DE24100C6BF2C /* compress.png */; };
		685ACAE41F0DE24100C6BF2C /* Guidepage_1242x2208-3.png in Resources */ = {isa = PBXBuildFile; fileRef = 685ACADC1F0DE24100C6BF2C /* Guidepage_1242x2208-3.png */; };
		685ACAE51F0DE24100C6BF2C /* News_Picture_Save@2x.png in Resources */ = {isa = PBXBuildFile; fileRef = 685ACADD1F0DE24100C6BF2C /* News_Picture_Save@2x.png */; };
		685ACAE61F0DE24100C6BF2C /* nowifi.png in Resources */ = {isa = PBXBuildFile; fileRef = 685ACADE1F0DE24100C6BF2C /* nowifi.png */; };
		685ACAE71F0DE24100C6BF2C /* scene1.png in Resources */ = {isa = PBXBuildFile; fileRef = 685ACADF1F0DE24100C6BF2C /* scene1.png */; };
		685ACAE81F0DE24100C6BF2C /* scene2.png in Resources */ = {isa = PBXBuildFile; fileRef = 685ACAE01F0DE24100C6BF2C /* scene2.png */; };
		685ACAE91F0DE24100C6BF2C /* test1.jpeg in Resources */ = {isa = PBXBuildFile; fileRef = 685ACAE11F0DE24100C6BF2C /* test1.jpeg */; };
		685ACAF31F0DE28C00C6BF2C /* CircleView.m in Sources */ = {isa = PBXBuildFile; fileRef = 685ACAEC1F0DE28C00C6BF2C /* CircleView.m */; };
		685ACAF41F0DE28C00C6BF2C /* GraphicsView.m in Sources */ = {isa = PBXBuildFile; fileRef = 685ACAEE1F0DE28C00C6BF2C /* GraphicsView.m */; };
		685ACAF51F0DE28C00C6BF2C /* RectView.m in Sources */ = {isa = PBXBuildFile; fileRef = 685ACAF01F0DE28C00C6BF2C /* RectView.m */; };
		685ACAFC1F0DE2AF00C6BF2C /* ScaleCell.m in Sources */ = {isa = PBXBuildFile; fileRef = 685ACAFB1F0DE2AF00C6BF2C /* ScaleCell.m */; };
		685ACB041F0DE35E00C6BF2C /* XSChartVController.m in Sources */ = {isa = PBXBuildFile; fileRef = 685ACB031F0DE35E00C6BF2C /* XSChartVController.m */; };
		685ACB181F0DE4F100C6BF2C /* 1.jpg in Resources */ = {isa = PBXBuildFile; fileRef = 685ACB0C1F0DE4F100C6BF2C /* 1.jpg */; };
		685ACB1A1F0DE4F100C6BF2C /* 2.jpg in Resources */ = {isa = PBXBuildFile; fileRef = 685ACB0E1F0DE4F100C6BF2C /* 2.jpg */; };
		685ACB201F0DE4F100C6BF2C /* BANK_CCB@2x.png in Resources */ = {isa = PBXBuildFile; fileRef = 685ACB141F0DE4F100C6BF2C /* BANK_CCB@2x.png */; };
		685ACB211F0DE4F100C6BF2C /* BANK_CMB@2x.png in Resources */ = {isa = PBXBuildFile; fileRef = 685ACB151F0DE4F100C6BF2C /* BANK_CMB@2x.png */; };
		685ACB221F0DE4F100C6BF2C /* bg_avatar.png in Resources */ = {isa = PBXBuildFile; fileRef = 685ACB161F0DE4F100C6BF2C /* bg_avatar.png */; };
		685ACB391F0DE76400C6BF2C /* 0.png in Resources */ = {isa = PBXBuildFile; fileRef = 685ACB321F0DE76400C6BF2C /* 0.png */; };
		685ACB3B1F0DE76400C6BF2C /* 樱花瓣1.png in Resources */ = {isa = PBXBuildFile; fileRef = 685ACB341F0DE76400C6BF2C /* 樱花瓣1.png */; };
		685ACB3C1F0DE76400C6BF2C /* 樱花瓣2.png in Resources */ = {isa = PBXBuildFile; fileRef = 685ACB351F0DE76400C6BF2C /* 樱花瓣2.png */; };
		685ACB3D1F0DE76400C6BF2C /* 樱花树1.png in Resources */ = {isa = PBXBuildFile; fileRef = 685ACB361F0DE76400C6BF2C /* 樱花树1.png */; };
		685ACB3E1F0DE76400C6BF2C /* 樱花树2.png in Resources */ = {isa = PBXBuildFile; fileRef = 685ACB371F0DE76400C6BF2C /* 樱花树2.png */; };
		685ACB3F1F0DE76400C6BF2C /* 樱花树3.png in Resources */ = {isa = PBXBuildFile; fileRef = 685ACB381F0DE76400C6BF2C /* 樱花树3.png */; };
		685ACB451F0E07EF00C6BF2C /* UIBezierPath_VC.m in Sources */ = {isa = PBXBuildFile; fileRef = 685ACB441F0E07EF00C6BF2C /* UIBezierPath_VC.m */; };
		685ACB481F0E0A4600C6BF2C /* CAShapeLayer_VC.m in Sources */ = {isa = PBXBuildFile; fileRef = 685ACB471F0E0A4600C6BF2C /* CAShapeLayer_VC.m */; };
		685ACB4B1F0E0A8200C6BF2C /* DrawRect_VC.m in Sources */ = {isa = PBXBuildFile; fileRef = 685ACB4A1F0E0A8200C6BF2C /* DrawRect_VC.m */; };
		685ACB4E1F0E0AC300C6BF2C /* CABasicAnimation_VC.m in Sources */ = {isa = PBXBuildFile; fileRef = 685ACB4D1F0E0AC300C6BF2C /* CABasicAnimation_VC.m */; };
		685ACB511F0E0AE300C6BF2C /* CALayer_VC.m in Sources */ = {isa = PBXBuildFile; fileRef = 685ACB501F0E0AE300C6BF2C /* CALayer_VC.m */; };
		685ACB541F0E107800C6BF2C /* UIBezierPath_AAView.m in Sources */ = {isa = PBXBuildFile; fileRef = 685ACB531F0E107800C6BF2C /* UIBezierPath_AAView.m */; };
		685ACB571F0E185F00C6BF2C /* CGContextRef_aaView.m in Sources */ = {isa = PBXBuildFile; fileRef = 685ACB561F0E185F00C6BF2C /* CGContextRef_aaView.m */; };
		686A2DF31F1202FC002D09C8 /* test.png in Resources */ = {isa = PBXBuildFile; fileRef = 686A2DF21F1202FC002D09C8 /* test.png */; };
		68788E441F14735D0022581E /* CALayer_CAEmitterLayer.m in Sources */ = {isa = PBXBuildFile; fileRef = 68788E431F14735D0022581E /* CALayer_CAEmitterLayer.m */; };
		68788E4A1F1479D00022581E /* CABasicAnimation_VC1.m in Sources */ = {isa = PBXBuildFile; fileRef = 68788E491F1479D00022581E /* CABasicAnimation_VC1.m */; };
		68788E4D1F14B68E0022581E /* UIBezierPath_RectView.m in Sources */ = {isa = PBXBuildFile; fileRef = 68788E4C1F14B68E0022581E /* UIBezierPath_RectView.m */; };
		68788E531F14C94C0022581E /* CABasicAnimation_VC2.m in Sources */ = {isa = PBXBuildFile; fileRef = 68788E521F14C94C0022581E /* CABasicAnimation_VC2.m */; };
		687BAEE31F1CFBD00001CF77 /* WaveWaterView.m in Sources */ = {isa = PBXBuildFile; fileRef = 687BAEE21F1CFBD00001CF77 /* WaveWaterView.m */; };
		687BAEE61F1CFCC80001CF77 /* WaterWave_VC.m in Sources */ = {isa = PBXBuildFile; fileRef = 687BAEE51F1CFCC80001CF77 /* WaterWave_VC.m */; };
		68A704301F340C090037ECB1 /* Test_VC.m in Sources */ = {isa = PBXBuildFile; fileRef = 68A7042E1F340C090037ECB1 /* Test_VC.m */; };
		68A704311F340C090037ECB1 /* Test_VC.xib in Resources */ = {isa = PBXBuildFile; fileRef = 68A7042F1F340C090037ECB1 /* Test_VC.xib */; };
		68A704341F3410AC0037ECB1 /* CustomView.m in Sources */ = {isa = PBXBuildFile; fileRef = 68A704331F3410AC0037ECB1 /* CustomView.m */; };
		68A704361F3410BE0037ECB1 /* CustomView.xib in Resources */ = {isa = PBXBuildFile; fileRef = 68A704351F3410BE0037ECB1 /* CustomView.xib */; };
		68A704381F3419610037ECB1 /* RootViewController.m in Sources */ = {isa = PBXBuildFile; fileRef = 68A704371F3419610037ECB1 /* RootViewController.m */; };
		68BB78FF1F1E549E00434B70 /* KlineView.m in Sources */ = {isa = PBXBuildFile; fileRef = 68BB78FE1F1E549E00434B70 /* KlineView.m */; };
		68BB79021F1E5AC100434B70 /* ZM_KLineModel.m in Sources */ = {isa = PBXBuildFile; fileRef = 68BB79011F1E5AC100434B70 /* ZM_KLineModel.m */; };
		68D06B401F131F4A004ED2B5 /* mask.png in Resources */ = {isa = PBXBuildFile; fileRef = 68D06B3F1F131F4A004ED2B5 /* mask.png */; };
		68D06B421F131F4E004ED2B5 /* mask.png in Resources */ = {isa = PBXBuildFile; fileRef = 68D06B411F131F4E004ED2B5 /* mask.png */; };
		68D06B451F131FFB004ED2B5 /* QuartzCore.framework in Frameworks */ = {isa = PBXBuildFile; fileRef = 68D06B441F131FFB004ED2B5 /* QuartzCore.framework */; };
		68D06B471F132006004ED2B5 /* CoreText.framework in Frameworks */ = {isa = PBXBuildFile; fileRef = 68D06B461F132006004ED2B5 /* CoreText.framework */; };
		68D06B4B1F132564004ED2B5 /* scene13.jpg in Resources */ = {isa = PBXBuildFile; fileRef = 68D06B4A1F132564004ED2B5 /* scene13.jpg */; };
		68D06B4D1F1326EB004ED2B5 /* gray1.jpg in Resources */ = {isa = PBXBuildFile; fileRef = 68D06B4C1F1326EB004ED2B5 /* gray1.jpg */; };
		68D523691F1CB43B008A4F06 /* CATransform3D_VC2.m in Sources */ = {isa = PBXBuildFile; fileRef = 68D523681F1CB43B008A4F06 /* CATransform3D_VC2.m */; };
		68D5236C1F1CBF58008A4F06 /* UIView+BorderPath.m in Sources */ = {isa = PBXBuildFile; fileRef = 68D5236B1F1CBF58008A4F06 /* UIView+BorderPath.m */; };
		68D5236F1F1CBFF6008A4F06 /* Form_VC.m in Sources */ = {isa = PBXBuildFile; fileRef = 68D5236E1F1CBFF6008A4F06 /* Form_VC.m */; };
		68D523721F1CC064008A4F06 /* FormView.m in Sources */ = {isa = PBXBuildFile; fileRef = 68D523711F1CC064008A4F06 /* FormView.m */; };
		68F6E72C1F1D9E3000202545 /* TextAnimationVC.m in Sources */ = {isa = PBXBuildFile; fileRef = 68F6E72B1F1D9E3000202545 /* TextAnimationVC.m */; };
		68F6EBBD1F1C4CAF0076E1D0 /* scene1_1.png in Resources */ = {isa = PBXBuildFile; fileRef = 68F6EBBC1F1C4CAF0076E1D0 /* scene1_1.png */; };
		68F6EBC01F1C4EAD0076E1D0 /* DrawRect_imgBgView.m in Sources */ = {isa = PBXBuildFile; fileRef = 68F6EBBF1F1C4EAD0076E1D0 /* DrawRect_imgBgView.m */; };
		68F6EBC31F1C5B240076E1D0 /* CATransform3D_VC.m in Sources */ = {isa = PBXBuildFile; fileRef = 68F6EBC21F1C5B240076E1D0 /* CATransform3D_VC.m */; };
		68F6EBD21F1C5D950076E1D0 /* GCDGroup.m in Sources */ = {isa = PBXBuildFile; fileRef = 68F6EBC71F1C5D950076E1D0 /* GCDGroup.m */; };
		68F6EBD31F1C5D950076E1D0 /* GCDQueue.m in Sources */ = {isa = PBXBuildFile; fileRef = 68F6EBC91F1C5D950076E1D0 /* GCDQueue.m */; };
		68F6EBD41F1C5D950076E1D0 /* GCDSemaphore.m in Sources */ = {isa = PBXBuildFile; fileRef = 68F6EBCB1F1C5D950076E1D0 /* GCDSemaphore.m */; };
		68F6EBD51F1C5D950076E1D0 /* GCDTimer.m in Sources */ = {isa = PBXBuildFile; fileRef = 68F6EBCD1F1C5D950076E1D0 /* GCDTimer.m */; };
		68F6EBD61F1C5D950076E1D0 /* UIView+SetRect.m in Sources */ = {isa = PBXBuildFile; fileRef = 68F6EBCF1F1C5D950076E1D0 /* UIView+SetRect.m */; };
		68F6EBD71F1C5D950076E1D0 /* WxHxD.m in Sources */ = {isa = PBXBuildFile; fileRef = 68F6EBD11F1C5D950076E1D0 /* WxHxD.m */; };
		68F6EBDA1F1C5DC70076E1D0 /* ZMGCDQueue.m in Sources */ = {isa = PBXBuildFile; fileRef = 68F6EBD91F1C5DC70076E1D0 /* ZMGCDQueue.m */; };
		68F6EBE01F1C88DA0076E1D0 /* CircleProgressView.m in Sources */ = {isa = PBXBuildFile; fileRef = 68F6EBDF1F1C88DA0076E1D0 /* CircleProgressView.m */; };
		68FD52E81F15BD9700B3C153 /* CALayerAnimationTools.m in Sources */ = {isa = PBXBuildFile; fileRef = 68FD52E71F15BD9700B3C153 /* CALayerAnimationTools.m */; };
		68FD52EB1F15BDB300B3C153 /* NSObject+CALayerAnimation.m in Sources */ = {isa = PBXBuildFile; fileRef = 68FD52EA1F15BDB300B3C153 /* NSObject+CALayerAnimation.m */; };
		68FD52F11F15C71400B3C153 /* CALayer_BaseVC.m in Sources */ = {isa = PBXBuildFile; fileRef = 68FD52F01F15C71400B3C153 /* CALayer_BaseVC.m */; };
		68FD52F41F15CEBF00B3C153 /* CALayer_TypeVC.m in Sources */ = {isa = PBXBuildFile; fileRef = 68FD52F31F15CEBF00B3C153 /* CALayer_TypeVC.m */; };
		68FD52F71F15F30E00B3C153 /* CAAnimation_VC.m in Sources */ = {isa = PBXBuildFile; fileRef = 68FD52F61F15F30E00B3C153 /* CAAnimation_VC.m */; };
		68FD52FA1F15F62400B3C153 /* CALayerAnimation_LibVC.m in Sources */ = {isa = PBXBuildFile; fileRef = 68FD52F91F15F62400B3C153 /* CALayerAnimation_LibVC.m */; };
		68FD52FC1F15FBB300B3C153 /* s1.png in Resources */ = {isa = PBXBuildFile; fileRef = 68FD52FB1F15FBB300B3C153 /* s1.png */; };
		68FD52FF1F15FBE800B3C153 /* m0.jpg in Resources */ = {isa = PBXBuildFile; fileRef = 68FD52FD1F15FBE800B3C153 /* m0.jpg */; };
		68FD53001F15FBE800B3C153 /* m1.jpg in Resources */ = {isa = PBXBuildFile; fileRef = 68FD52FE1F15FBE800B3C153 /* m1.jpg */; };
		68FD53051F1620FA00B3C153 /* CoreGraphics.framework in Frameworks */ = {isa = PBXBuildFile; fileRef = 68FD53041F1620FA00B3C153 /* CoreGraphics.framework */; };
		68FD53071F16229900B3C153 /* UIKit.framework in Frameworks */ = {isa = PBXBuildFile; fileRef = 68FD53061F16229900B3C153 /* UIKit.framework */; };
		68FD53091F1622A600B3C153 /* Foundation.framework in Frameworks */ = {isa = PBXBuildFile; fileRef = 68FD53081F1622A600B3C153 /* Foundation.framework */; };
/* End PBXBuildFile section */

/* Begin PBXContainerItemProxy section */
		685ACA8B1F0DDFB700C6BF2C /* PBXContainerItemProxy */ = {
			isa = PBXContainerItemProxy;
			containerPortal = 685ACA661F0DDFB700C6BF2C /* Project object */;
			proxyType = 1;
			remoteGlobalIDString = 685ACA6D1F0DDFB700C6BF2C;
			remoteInfo = ZM_CALayerAnimation;
		};
		685ACA961F0DDFB800C6BF2C /* PBXContainerItemProxy */ = {
			isa = PBXContainerItemProxy;
			containerPortal = 685ACA661F0DDFB700C6BF2C /* Project object */;
			proxyType = 1;
			remoteGlobalIDString = 685ACA6D1F0DDFB700C6BF2C;
			remoteInfo = ZM_CALayerAnimation;
		};
/* End PBXContainerItemProxy section */

/* Begin PBXFileReference section */
		681C161B1F3310F4008F9AA2 /* TestView.h */ = {isa = PBXFileReference; fileEncoding = 4; lastKnownFileType = sourcecode.c.h; path = TestView.h; sourceTree = "<group>"; };
		681C161C1F3310F4008F9AA2 /* TestView.m */ = {isa = PBXFileReference; fileEncoding = 4; lastKnownFileType = sourcecode.c.objc; path = TestView.m; sourceTree = "<group>"; };
		681C16211F3322F4008F9AA2 /* UIView+ZMAdd.h */ = {isa = PBXFileReference; fileEncoding = 4; lastKnownFileType = sourcecode.c.h; path = "UIView+ZMAdd.h"; sourceTree = "<group>"; };
		681C16221F3322F4008F9AA2 /* UIView+ZMAdd.m */ = {isa = PBXFileReference; fileEncoding = 4; lastKnownFileType = sourcecode.c.objc; path = "UIView+ZMAdd.m"; sourceTree = "<group>"; };
		6822C13D1F2B1BBB0027DF6F /* DrawRect1_VC.h */ = {isa = PBXFileReference; fileEncoding = 4; lastKnownFileType = sourcecode.c.h; path = DrawRect1_VC.h; sourceTree = "<group>"; };
		6822C13E1F2B1BBB0027DF6F /* DrawRect1_VC.m */ = {isa = PBXFileReference; fileEncoding = 4; lastKnownFileType = sourcecode.c.objc; path = DrawRect1_VC.m; sourceTree = "<group>"; };
		6827CDFA1F0F2B4D005B5EC8 /* CATransition_VC.h */ = {isa = PBXFileReference; fileEncoding = 4; lastKnownFileType = sourcecode.c.h; path = CATransition_VC.h; sourceTree = "<group>"; };
		6827CDFB1F0F2B4D005B5EC8 /* CATransition_VC.m */ = {isa = PBXFileReference; fileEncoding = 4; lastKnownFileType = sourcecode.c.objc; path = CATransition_VC.m; sourceTree = "<group>"; };
		6827CDFD1F0F36D9005B5EC8 /* Home.jpg */ = {isa = PBXFileReference; lastKnownFileType = image.jpeg; path = Home.jpg; sourceTree = "<group>"; };
		6827CDFF1F0F521D005B5EC8 /* aa.png */ = {isa = PBXFileReference; lastKnownFileType = image.png; path = aa.png; sourceTree = "<group>"; };
		6827CE011F0F59DE005B5EC8 /* bb.png */ = {isa = PBXFileReference; lastKnownFileType = image.png; path = bb.png; sourceTree = "<group>"; };
		6827CE031F0F5B91005B5EC8 /* cc.png */ = {isa = PBXFileReference; lastKnownFileType = image.png; path = cc.png; sourceTree = "<group>"; };
		683C1D651F173DB90050ABAB /* DrawRectView2.h */ = {isa = PBXFileReference; fileEncoding = 4; lastKnownFileType = sourcecode.c.h; path = DrawRectView2.h; sourceTree = "<group>"; };
		683C1D661F173DB90050ABAB /* DrawRectView2.m */ = {isa = PBXFileReference; fileEncoding = 4; lastKnownFileType = sourcecode.c.objc; path = DrawRectView2.m; sourceTree = "<group>"; };
		683C1D6B1F173E520050ABAB /* DrawRect2_VC.h */ = {isa = PBXFileReference; fileEncoding = 4; lastKnownFileType = sourcecode.c.h; path = DrawRect2_VC.h; sourceTree = "<group>"; };
		683C1D6C1F173E520050ABAB /* DrawRect2_VC.m */ = {isa = PBXFileReference; fileEncoding = 4; lastKnownFileType = sourcecode.c.objc; path = DrawRect2_VC.m; sourceTree = "<group>"; };
		683C1D971F175BB30050ABAB /* NSObject+NSLog.h */ = {isa = PBXFileReference; fileEncoding = 4; lastKnownFileType = sourcecode.c.h; path = "NSObject+NSLog.h"; sourceTree = "<group>"; };
		683C1D981F175BB30050ABAB /* NSObject+NSLog.m */ = {isa = PBXFileReference; fileEncoding = 4; lastKnownFileType = sourcecode.c.objc; path = "NSObject+NSLog.m"; sourceTree = "<group>"; };
		685ACA6E1F0DDFB700C6BF2C /* ZM_CALayerAnimation.app */ = {isa = PBXFileReference; explicitFileType = wrapper.application; includeInIndex = 0; path = ZM_CALayerAnimation.app; sourceTree = BUILT_PRODUCTS_DIR; };
		685ACA721F0DDFB700C6BF2C /* main.m */ = {isa = PBXFileReference; lastKnownFileType = sourcecode.c.objc; path = main.m; sourceTree = "<group>"; };
		685ACA741F0DDFB700C6BF2C /* AppDelegate.h */ = {isa = PBXFileReference; lastKnownFileType = sourcecode.c.h; path = AppDelegate.h; sourceTree = "<group>"; };
		685ACA751F0DDFB700C6BF2C /* AppDelegate.m */ = {isa = PBXFileReference; lastKnownFileType = sourcecode.c.objc; path = AppDelegate.m; sourceTree = "<group>"; };
		685ACA7B1F0DDFB700C6BF2C /* Base */ = {isa = PBXFileReference; lastKnownFileType = file.storyboard; name = Base; path = Base.lproj/Main.storyboard; sourceTree = "<group>"; };
		685ACA7E1F0DDFB700C6BF2C /* ZM_CALayerAnimation.xcdatamodel */ = {isa = PBXFileReference; lastKnownFileType = wrapper.xcdatamodel; path = ZM_CALayerAnimation.xcdatamodel; sourceTree = "<group>"; };
		685ACA801F0DDFB700C6BF2C /* Assets.xcassets */ = {isa = PBXFileReference; lastKnownFileType = folder.assetcatalog; path = Assets.xcassets; sourceTree = "<group>"; };
		685ACA831F0DDFB700C6BF2C /* Base */ = {isa = PBXFileReference; lastKnownFileType = file.storyboard; name = Base; path = Base.lproj/LaunchScreen.storyboard; sourceTree = "<group>"; };
		685ACA851F0DDFB700C6BF2C /* Info.plist */ = {isa = PBXFileReference; lastKnownFileType = text.plist.xml; path = Info.plist; sourceTree = "<group>"; };
		685ACA8A1F0DDFB700C6BF2C /* ZM_CALayerAnimationTests.xctest */ = {isa = PBXFileReference; explicitFileType = wrapper.cfbundle; includeInIndex = 0; path = ZM_CALayerAnimationTests.xctest; sourceTree = BUILT_PRODUCTS_DIR; };
		685ACA8E1F0DDFB700C6BF2C /* ZM_CALayerAnimationTests.m */ = {isa = PBXFileReference; lastKnownFileType = sourcecode.c.objc; path = ZM_CALayerAnimationTests.m; sourceTree = "<group>"; };
		685ACA901F0DDFB700C6BF2C /* Info.plist */ = {isa = PBXFileReference; lastKnownFileType = text.plist.xml; path = Info.plist; sourceTree = "<group>"; };
		685ACA951F0DDFB800C6BF2C /* ZM_CALayerAnimationUITests.xctest */ = {isa = PBXFileReference; explicitFileType = wrapper.cfbundle; includeInIndex = 0; path = ZM_CALayerAnimationUITests.xctest; sourceTree = BUILT_PRODUCTS_DIR; };
		685ACA991F0DDFB800C6BF2C /* ZM_CALayerAnimationUITests.m */ = {isa = PBXFileReference; lastKnownFileType = sourcecode.c.objc; path = ZM_CALayerAnimationUITests.m; sourceTree = "<group>"; };
		685ACA9B1F0DDFB800C6BF2C /* Info.plist */ = {isa = PBXFileReference; lastKnownFileType = text.plist.xml; path = Info.plist; sourceTree = "<group>"; };
		685ACAA91F0DDFD100C6BF2C /* BaseHeader.h */ = {isa = PBXFileReference; fileEncoding = 4; lastKnownFileType = sourcecode.c.h; path = BaseHeader.h; sourceTree = "<group>"; };
		685ACAAA1F0DDFD100C6BF2C /* BBaseViewController.h */ = {isa = PBXFileReference; fileEncoding = 4; lastKnownFileType = sourcecode.c.h; path = BBaseViewController.h; sourceTree = "<group>"; };
		685ACAAB1F0DDFD100C6BF2C /* BBaseViewController.m */ = {isa = PBXFileReference; fileEncoding = 4; lastKnownFileType = sourcecode.c.objc; path = BBaseViewController.m; sourceTree = "<group>"; };
		685ACAAC1F0DDFD100C6BF2C /* Common.h */ = {isa = PBXFileReference; fileEncoding = 4; lastKnownFileType = sourcecode.c.h; path = Common.h; sourceTree = "<group>"; };
		685ACAAD1F0DDFD100C6BF2C /* Common.m */ = {isa = PBXFileReference; fileEncoding = 4; lastKnownFileType = sourcecode.c.objc; path = Common.m; sourceTree = "<group>"; };
		685ACAAE1F0DDFD100C6BF2C /* RootViewController.h */ = {isa = PBXFileReference; fileEncoding = 4; lastKnownFileType = sourcecode.c.h; path = RootViewController.h; sourceTree = "<group>"; };
		685ACAB01F0DDFD100C6BF2C /* FirstVController.h */ = {isa = PBXFileReference; fileEncoding = 4; lastKnownFileType = sourcecode.c.h; path = FirstVController.h; sourceTree = "<group>"; };
		685ACAB11F0DDFD100C6BF2C /* FirstVController.m */ = {isa = PBXFileReference; fileEncoding = 4; lastKnownFileType = sourcecode.c.objc; path = FirstVController.m; sourceTree = "<group>"; };
		685ACAB21F0DDFD100C6BF2C /* FirstVController.xib */ = {isa = PBXFileReference; fileEncoding = 4; lastKnownFileType = file.xib; path = FirstVController.xib; sourceTree = "<group>"; };
		685ACAB31F0DDFD100C6BF2C /* SecondVController.h */ = {isa = PBXFileReference; fileEncoding = 4; lastKnownFileType = sourcecode.c.h; path = SecondVController.h; sourceTree = "<group>"; };
		685ACAB41F0DDFD100C6BF2C /* SecondVController.m */ = {isa = PBXFileReference; fileEncoding = 4; lastKnownFileType = sourcecode.c.objc; path = SecondVController.m; sourceTree = "<group>"; };
		685ACAC31F0DE01200C6BF2C /* UIView+ZMAdd.h */ = {isa = PBXFileReference; fileEncoding = 4; lastKnownFileType = sourcecode.c.h; path = "UIView+ZMAdd.h"; sourceTree = "<group>"; };
		685ACAC41F0DE01200C6BF2C /* UIView+ZMAdd.m */ = {isa = PBXFileReference; fileEncoding = 4; lastKnownFileType = sourcecode.c.objc; path = "UIView+ZMAdd.m"; sourceTree = "<group>"; };
		685ACAC51F0DE01200C6BF2C /* UIView+ZMFrame.h */ = {isa = PBXFileReference; fileEncoding = 4; lastKnownFileType = sourcecode.c.h; path = "UIView+ZMFrame.h"; sourceTree = "<group>"; };
		685ACAC61F0DE01200C6BF2C /* UIView+ZMFrame.m */ = {isa = PBXFileReference; fileEncoding = 4; lastKnownFileType = sourcecode.c.objc; path = "UIView+ZMFrame.m"; sourceTree = "<group>"; };
		685ACACB1F0DE04600C6BF2C /* UIBezierPath+ZJText.h */ = {isa = PBXFileReference; fileEncoding = 4; lastKnownFileType = sourcecode.c.h; path = "UIBezierPath+ZJText.h"; sourceTree = "<group>"; };
		685ACACC1F0DE04600C6BF2C /* UIBezierPath+ZJText.m */ = {isa = PBXFileReference; fileEncoding = 4; lastKnownFileType = sourcecode.c.objc; path = "UIBezierPath+ZJText.m"; sourceTree = "<group>"; };
		685ACACE1F0DE04600C6BF2C /* XSChart.h */ = {isa = PBXFileReference; fileEncoding = 4; lastKnownFileType = sourcecode.c.h; path = XSChart.h; sourceTree = "<group>"; };
		685ACACF1F0DE04600C6BF2C /* XSChart.m */ = {isa = PBXFileReference; fileEncoding = 4; lastKnownFileType = sourcecode.c.objc; path = XSChart.m; sourceTree = "<group>"; };
		685ACADA1F0DE24100C6BF2C /* Checkmark@2x.png */ = {isa = PBXFileReference; lastKnownFileType = image.png; path = "Checkmark@2x.png"; sourceTree = "<group>"; };
		685ACADB1F0DE24100C6BF2C /* compress.png */ = {isa = PBXFileReference; lastKnownFileType = image.png; path = compress.png; sourceTree = "<group>"; };
		685ACADC1F0DE24100C6BF2C /* Guidepage_1242x2208-3.png */ = {isa = PBXFileReference; lastKnownFileType = image.png; path = "Guidepage_1242x2208-3.png"; sourceTree = "<group>"; };
		685ACADD1F0DE24100C6BF2C /* News_Picture_Save@2x.png */ = {isa = PBXFileReference; lastKnownFileType = image.png; path = "News_Picture_Save@2x.png"; sourceTree = "<group>"; };
		685ACADE1F0DE24100C6BF2C /* nowifi.png */ = {isa = PBXFileReference; lastKnownFileType = image.png; path = nowifi.png; sourceTree = "<group>"; };
		685ACADF1F0DE24100C6BF2C /* scene1.png */ = {isa = PBXFileReference; lastKnownFileType = image.png; path = scene1.png; sourceTree = "<group>"; };
		685ACAE01F0DE24100C6BF2C /* scene2.png */ = {isa = PBXFileReference; lastKnownFileType = image.png; path = scene2.png; sourceTree = "<group>"; };
		685ACAE11F0DE24100C6BF2C /* test1.jpeg */ = {isa = PBXFileReference; lastKnownFileType = image.jpeg; path = test1.jpeg; sourceTree = "<group>"; };
		685ACAEB1F0DE28C00C6BF2C /* CircleView.h */ = {isa = PBXFileReference; fileEncoding = 4; lastKnownFileType = sourcecode.c.h; path = CircleView.h; sourceTree = "<group>"; };
		685ACAEC1F0DE28C00C6BF2C /* CircleView.m */ = {isa = PBXFileReference; fileEncoding = 4; lastKnownFileType = sourcecode.c.objc; path = CircleView.m; sourceTree = "<group>"; };
		685ACAED1F0DE28C00C6BF2C /* GraphicsView.h */ = {isa = PBXFileReference; fileEncoding = 4; lastKnownFileType = sourcecode.c.h; path = GraphicsView.h; sourceTree = "<group>"; };
		685ACAEE1F0DE28C00C6BF2C /* GraphicsView.m */ = {isa = PBXFileReference; fileEncoding = 4; lastKnownFileType = sourcecode.c.objc; path = GraphicsView.m; sourceTree = "<group>"; };
		685ACAEF1F0DE28C00C6BF2C /* RectView.h */ = {isa = PBXFileReference; fileEncoding = 4; lastKnownFileType = sourcecode.c.h; path = RectView.h; sourceTree = "<group>"; };
		685ACAF01F0DE28C00C6BF2C /* RectView.m */ = {isa = PBXFileReference; fileEncoding = 4; lastKnownFileType = sourcecode.c.objc; path = RectView.m; sourceTree = "<group>"; };
		685ACAFA1F0DE2AF00C6BF2C /* ScaleCell.h */ = {isa = PBXFileReference; fileEncoding = 4; lastKnownFileType = sourcecode.c.h; path = ScaleCell.h; sourceTree = "<group>"; };
		685ACAFB1F0DE2AF00C6BF2C /* ScaleCell.m */ = {isa = PBXFileReference; fileEncoding = 4; lastKnownFileType = sourcecode.c.objc; path = ScaleCell.m; sourceTree = "<group>"; };
		685ACB021F0DE35E00C6BF2C /* XSChartVController.h */ = {isa = PBXFileReference; fileEncoding = 4; lastKnownFileType = sourcecode.c.h; path = XSChartVController.h; sourceTree = "<group>"; };
		685ACB031F0DE35E00C6BF2C /* XSChartVController.m */ = {isa = PBXFileReference; fileEncoding = 4; lastKnownFileType = sourcecode.c.objc; path = XSChartVController.m; sourceTree = "<group>"; };
		685ACB0C1F0DE4F100C6BF2C /* 1.jpg */ = {isa = PBXFileReference; lastKnownFileType = image.jpeg; path = 1.jpg; sourceTree = "<group>"; };
		685ACB0E1F0DE4F100C6BF2C /* 2.jpg */ = {isa = PBXFileReference; lastKnownFileType = image.jpeg; path = 2.jpg; sourceTree = "<group>"; };
		685ACB141F0DE4F100C6BF2C /* BANK_CCB@2x.png */ = {isa = PBXFileReference; lastKnownFileType = image.png; path = "BANK_CCB@2x.png"; sourceTree = "<group>"; };
		685ACB151F0DE4F100C6BF2C /* BANK_CMB@2x.png */ = {isa = PBXFileReference; lastKnownFileType = image.png; path = "BANK_CMB@2x.png"; sourceTree = "<group>"; };
		685ACB161F0DE4F100C6BF2C /* bg_avatar.png */ = {isa = PBXFileReference; lastKnownFileType = image.png; path = bg_avatar.png; sourceTree = "<group>"; };
		685ACB321F0DE76400C6BF2C /* 0.png */ = {isa = PBXFileReference; lastKnownFileType = image.png; path = 0.png; sourceTree = "<group>"; };
		685ACB341F0DE76400C6BF2C /* 樱花瓣1.png */ = {isa = PBXFileReference; lastKnownFileType = image.png; path = "樱花瓣1.png"; sourceTree = "<group>"; };
		685ACB351F0DE76400C6BF2C /* 樱花瓣2.png */ = {isa = PBXFileReference; lastKnownFileType = image.png; path = "樱花瓣2.png"; sourceTree = "<group>"; };
		685ACB361F0DE76400C6BF2C /* 樱花树1.png */ = {isa = PBXFileReference; lastKnownFileType = image.png; path = "樱花树1.png"; sourceTree = "<group>"; };
		685ACB371F0DE76400C6BF2C /* 樱花树2.png */ = {isa = PBXFileReference; lastKnownFileType = image.png; path = "樱花树2.png"; sourceTree = "<group>"; };
		685ACB381F0DE76400C6BF2C /* 樱花树3.png */ = {isa = PBXFileReference; lastKnownFileType = image.png; path = "樱花树3.png"; sourceTree = "<group>"; };
		685ACB431F0E07EF00C6BF2C /* UIBezierPath_VC.h */ = {isa = PBXFileReference; fileEncoding = 4; lastKnownFileType = sourcecode.c.h; path = UIBezierPath_VC.h; sourceTree = "<group>"; };
		685ACB441F0E07EF00C6BF2C /* UIBezierPath_VC.m */ = {isa = PBXFileReference; fileEncoding = 4; lastKnownFileType = sourcecode.c.objc; path = UIBezierPath_VC.m; sourceTree = "<group>"; };
		685ACB461F0E0A4600C6BF2C /* CAShapeLayer_VC.h */ = {isa = PBXFileReference; fileEncoding = 4; lastKnownFileType = sourcecode.c.h; path = CAShapeLayer_VC.h; sourceTree = "<group>"; };
		685ACB471F0E0A4600C6BF2C /* CAShapeLayer_VC.m */ = {isa = PBXFileReference; fileEncoding = 4; lastKnownFileType = sourcecode.c.objc; path = CAShapeLayer_VC.m; sourceTree = "<group>"; };
		685ACB491F0E0A8200C6BF2C /* DrawRect_VC.h */ = {isa = PBXFileReference; fileEncoding = 4; lastKnownFileType = sourcecode.c.h; path = DrawRect_VC.h; sourceTree = "<group>"; };
		685ACB4A1F0E0A8200C6BF2C /* DrawRect_VC.m */ = {isa = PBXFileReference; fileEncoding = 4; lastKnownFileType = sourcecode.c.objc; path = DrawRect_VC.m; sourceTree = "<group>"; };
		685ACB4C1F0E0AC300C6BF2C /* CABasicAnimation_VC.h */ = {isa = PBXFileReference; fileEncoding = 4; lastKnownFileType = sourcecode.c.h; path = CABasicAnimation_VC.h; sourceTree = "<group>"; };
		685ACB4D1F0E0AC300C6BF2C /* CABasicAnimation_VC.m */ = {isa = PBXFileReference; fileEncoding = 4; lastKnownFileType = sourcecode.c.objc; path = CABasicAnimation_VC.m; sourceTree = "<group>"; };
		685ACB4F1F0E0AE300C6BF2C /* CALayer_VC.h */ = {isa = PBXFileReference; fileEncoding = 4; lastKnownFileType = sourcecode.c.h; path = CALayer_VC.h; sourceTree = "<group>"; };
		685ACB501F0E0AE300C6BF2C /* CALayer_VC.m */ = {isa = PBXFileReference; fileEncoding = 4; lastKnownFileType = sourcecode.c.objc; path = CALayer_VC.m; sourceTree = "<group>"; };
		685ACB521F0E107800C6BF2C /* UIBezierPath_AAView.h */ = {isa = PBXFileReference; fileEncoding = 4; lastKnownFileType = sourcecode.c.h; path = UIBezierPath_AAView.h; sourceTree = "<group>"; };
		685ACB531F0E107800C6BF2C /* UIBezierPath_AAView.m */ = {isa = PBXFileReference; fileEncoding = 4; lastKnownFileType = sourcecode.c.objc; path = UIBezierPath_AAView.m; sourceTree = "<group>"; };
		685ACB551F0E185F00C6BF2C /* CGContextRef_aaView.h */ = {isa = PBXFileReference; fileEncoding = 4; lastKnownFileType = sourcecode.c.h; path = CGContextRef_aaView.h; sourceTree = "<group>"; };
		685ACB561F0E185F00C6BF2C /* CGContextRef_aaView.m */ = {isa = PBXFileReference; fileEncoding = 4; lastKnownFileType = sourcecode.c.objc; path = CGContextRef_aaView.m; sourceTree = "<group>"; };
		686A2DF21F1202FC002D09C8 /* test.png */ = {isa = PBXFileReference; lastKnownFileType = image.png; path = test.png; sourceTree = "<group>"; };
		68788E421F14735D0022581E /* CALayer_CAEmitterLayer.h */ = {isa = PBXFileReference; fileEncoding = 4; lastKnownFileType = sourcecode.c.h; path = CALayer_CAEmitterLayer.h; sourceTree = "<group>"; };
		68788E431F14735D0022581E /* CALayer_CAEmitterLayer.m */ = {isa = PBXFileReference; fileEncoding = 4; lastKnownFileType = sourcecode.c.objc; path = CALayer_CAEmitterLayer.m; sourceTree = "<group>"; };
		68788E481F1479D00022581E /* CABasicAnimation_VC1.h */ = {isa = PBXFileReference; fileEncoding = 4; lastKnownFileType = sourcecode.c.h; path = CABasicAnimation_VC1.h; sourceTree = "<group>"; };
		68788E491F1479D00022581E /* CABasicAnimation_VC1.m */ = {isa = PBXFileReference; fileEncoding = 4; lastKnownFileType = sourcecode.c.objc; path = CABasicAnimation_VC1.m; sourceTree = "<group>"; };
		68788E4B1F14B68E0022581E /* UIBezierPath_RectView.h */ = {isa = PBXFileReference; fileEncoding = 4; lastKnownFileType = sourcecode.c.h; path = UIBezierPath_RectView.h; sourceTree = "<group>"; };
		68788E4C1F14B68E0022581E /* UIBezierPath_RectView.m */ = {isa = PBXFileReference; fileEncoding = 4; lastKnownFileType = sourcecode.c.objc; path = UIBezierPath_RectView.m; sourceTree = "<group>"; };
		68788E511F14C94C0022581E /* CABasicAnimation_VC2.h */ = {isa = PBXFileReference; fileEncoding = 4; lastKnownFileType = sourcecode.c.h; path = CABasicAnimation_VC2.h; sourceTree = "<group>"; };
		68788E521F14C94C0022581E /* CABasicAnimation_VC2.m */ = {isa = PBXFileReference; fileEncoding = 4; lastKnownFileType = sourcecode.c.objc; path = CABasicAnimation_VC2.m; sourceTree = "<group>"; };
		687BAEE11F1CFBD00001CF77 /* WaveWaterView.h */ = {isa = PBXFileReference; fileEncoding = 4; lastKnownFileType = sourcecode.c.h; path = WaveWaterView.h; sourceTree = "<group>"; };
		687BAEE21F1CFBD00001CF77 /* WaveWaterView.m */ = {isa = PBXFileReference; fileEncoding = 4; lastKnownFileType = sourcecode.c.objc; path = WaveWaterView.m; sourceTree = "<group>"; };
		687BAEE41F1CFCC80001CF77 /* WaterWave_VC.h */ = {isa = PBXFileReference; fileEncoding = 4; lastKnownFileType = sourcecode.c.h; path = WaterWave_VC.h; sourceTree = "<group>"; };
		687BAEE51F1CFCC80001CF77 /* WaterWave_VC.m */ = {isa = PBXFileReference; fileEncoding = 4; lastKnownFileType = sourcecode.c.objc; path = WaterWave_VC.m; sourceTree = "<group>"; };
		68A7042D1F340C090037ECB1 /* Test_VC.h */ = {isa = PBXFileReference; fileEncoding = 4; lastKnownFileType = sourcecode.c.h; path = Test_VC.h; sourceTree = "<group>"; };
		68A7042E1F340C090037ECB1 /* Test_VC.m */ = {isa = PBXFileReference; fileEncoding = 4; lastKnownFileType = sourcecode.c.objc; path = Test_VC.m; sourceTree = "<group>"; };
		68A7042F1F340C090037ECB1 /* Test_VC.xib */ = {isa = PBXFileReference; fileEncoding = 4; lastKnownFileType = file.xib; path = Test_VC.xib; sourceTree = "<group>"; };
		68A704321F3410AC0037ECB1 /* CustomView.h */ = {isa = PBXFileReference; fileEncoding = 4; lastKnownFileType = sourcecode.c.h; path = CustomView.h; sourceTree = "<group>"; };
		68A704331F3410AC0037ECB1 /* CustomView.m */ = {isa = PBXFileReference; fileEncoding = 4; lastKnownFileType = sourcecode.c.objc; path = CustomView.m; sourceTree = "<group>"; };
		68A704351F3410BE0037ECB1 /* CustomView.xib */ = {isa = PBXFileReference; fileEncoding = 4; lastKnownFileType = file.xib; path = CustomView.xib; sourceTree = "<group>"; };
		68A704371F3419610037ECB1 /* RootViewController.m */ = {isa = PBXFileReference; fileEncoding = 4; lastKnownFileType = sourcecode.c.objc; path = RootViewController.m; sourceTree = "<group>"; };
		68BB78FD1F1E549E00434B70 /* KlineView.h */ = {isa = PBXFileReference; fileEncoding = 4; lastKnownFileType = sourcecode.c.h; path = KlineView.h; sourceTree = "<group>"; };
		68BB78FE1F1E549E00434B70 /* KlineView.m */ = {isa = PBXFileReference; fileEncoding = 4; lastKnownFileType = sourcecode.c.objc; path = KlineView.m; sourceTree = "<group>"; };
		68BB79001F1E5AC100434B70 /* ZM_KLineModel.h */ = {isa = PBXFileReference; fileEncoding = 4; lastKnownFileType = sourcecode.c.h; path = ZM_KLineModel.h; sourceTree = "<group>"; };
		68BB79011F1E5AC100434B70 /* ZM_KLineModel.m */ = {isa = PBXFileReference; fileEncoding = 4; lastKnownFileType = sourcecode.c.objc; path = ZM_KLineModel.m; sourceTree = "<group>"; };
		68D06B3F1F131F4A004ED2B5 /* mask.png */ = {isa = PBXFileReference; lastKnownFileType = image.png; path = mask.png; sourceTree = "<group>"; };
		68D06B411F131F4E004ED2B5 /* mask.png */ = {isa = PBXFileReference; lastKnownFileType = image.png; path = mask.png; sourceTree = "<group>"; };
		68D06B441F131FFB004ED2B5 /* QuartzCore.framework */ = {isa = PBXFileReference; lastKnownFileType = wrapper.framework; name = QuartzCore.framework; path = System/Library/Frameworks/QuartzCore.framework; sourceTree = SDKROOT; };
		68D06B461F132006004ED2B5 /* CoreText.framework */ = {isa = PBXFileReference; lastKnownFileType = wrapper.framework; name = CoreText.framework; path = System/Library/Frameworks/CoreText.framework; sourceTree = SDKROOT; };
		68D06B4A1F132564004ED2B5 /* scene13.jpg */ = {isa = PBXFileReference; lastKnownFileType = image.jpeg; path = scene13.jpg; sourceTree = "<group>"; };
		68D06B4C1F1326EB004ED2B5 /* gray1.jpg */ = {isa = PBXFileReference; lastKnownFileType = image.jpeg; path = gray1.jpg; sourceTree = "<group>"; };
		68D523671F1CB43B008A4F06 /* CATransform3D_VC2.h */ = {isa = PBXFileReference; fileEncoding = 4; lastKnownFileType = sourcecode.c.h; path = CATransform3D_VC2.h; sourceTree = "<group>"; };
		68D523681F1CB43B008A4F06 /* CATransform3D_VC2.m */ = {isa = PBXFileReference; fileEncoding = 4; lastKnownFileType = sourcecode.c.objc; path = CATransform3D_VC2.m; sourceTree = "<group>"; };
		68D5236A1F1CBF58008A4F06 /* UIView+BorderPath.h */ = {isa = PBXFileReference; fileEncoding = 4; lastKnownFileType = sourcecode.c.h; path = "UIView+BorderPath.h"; sourceTree = "<group>"; };
		68D5236B1F1CBF58008A4F06 /* UIView+BorderPath.m */ = {isa = PBXFileReference; fileEncoding = 4; lastKnownFileType = sourcecode.c.objc; path = "UIView+BorderPath.m"; sourceTree = "<group>"; };
		68D5236D1F1CBFF6008A4F06 /* Form_VC.h */ = {isa = PBXFileReference; fileEncoding = 4; lastKnownFileType = sourcecode.c.h; path = Form_VC.h; sourceTree = "<group>"; };
		68D5236E1F1CBFF6008A4F06 /* Form_VC.m */ = {isa = PBXFileReference; fileEncoding = 4; lastKnownFileType = sourcecode.c.objc; path = Form_VC.m; sourceTree = "<group>"; };
		68D523701F1CC064008A4F06 /* FormView.h */ = {isa = PBXFileReference; fileEncoding = 4; lastKnownFileType = sourcecode.c.h; path = FormView.h; sourceTree = "<group>"; };
		68D523711F1CC064008A4F06 /* FormView.m */ = {isa = PBXFileReference; fileEncoding = 4; lastKnownFileType = sourcecode.c.objc; path = FormView.m; sourceTree = "<group>"; };
		68F6E72A1F1D9E3000202545 /* TextAnimationVC.h */ = {isa = PBXFileReference; fileEncoding = 4; lastKnownFileType = sourcecode.c.h; path = TextAnimationVC.h; sourceTree = "<group>"; };
		68F6E72B1F1D9E3000202545 /* TextAnimationVC.m */ = {isa = PBXFileReference; fileEncoding = 4; lastKnownFileType = sourcecode.c.objc; path = TextAnimationVC.m; sourceTree = "<group>"; };
		68F6EBBC1F1C4CAF0076E1D0 /* scene1_1.png */ = {isa = PBXFileReference; lastKnownFileType = image.png; path = scene1_1.png; sourceTree = "<group>"; };
		68F6EBBE1F1C4EAD0076E1D0 /* DrawRect_imgBgView.h */ = {isa = PBXFileReference; fileEncoding = 4; lastKnownFileType = sourcecode.c.h; path = DrawRect_imgBgView.h; sourceTree = "<group>"; };
		68F6EBBF1F1C4EAD0076E1D0 /* DrawRect_imgBgView.m */ = {isa = PBXFileReference; fileEncoding = 4; lastKnownFileType = sourcecode.c.objc; path = DrawRect_imgBgView.m; sourceTree = "<group>"; };
		68F6EBC11F1C5B240076E1D0 /* CATransform3D_VC.h */ = {isa = PBXFileReference; fileEncoding = 4; lastKnownFileType = sourcecode.c.h; path = CATransform3D_VC.h; sourceTree = "<group>"; };
		68F6EBC21F1C5B240076E1D0 /* CATransform3D_VC.m */ = {isa = PBXFileReference; fileEncoding = 4; lastKnownFileType = sourcecode.c.objc; path = CATransform3D_VC.m; sourceTree = "<group>"; };
		68F6EBC51F1C5D950076E1D0 /* GCD.h */ = {isa = PBXFileReference; fileEncoding = 4; lastKnownFileType = sourcecode.c.h; path = GCD.h; sourceTree = "<group>"; };
		68F6EBC61F1C5D950076E1D0 /* GCDGroup.h */ = {isa = PBXFileReference; fileEncoding = 4; lastKnownFileType = sourcecode.c.h; path = GCDGroup.h; sourceTree = "<group>"; };
		68F6EBC71F1C5D950076E1D0 /* GCDGroup.m */ = {isa = PBXFileReference; fileEncoding = 4; lastKnownFileType = sourcecode.c.objc; path = GCDGroup.m; sourceTree = "<group>"; };
		68F6EBC81F1C5D950076E1D0 /* GCDQueue.h */ = {isa = PBXFileReference; fileEncoding = 4; lastKnownFileType = sourcecode.c.h; path = GCDQueue.h; sourceTree = "<group>"; };
		68F6EBC91F1C5D950076E1D0 /* GCDQueue.m */ = {isa = PBXFileReference; fileEncoding = 4; lastKnownFileType = sourcecode.c.objc; path = GCDQueue.m; sourceTree = "<group>"; };
		68F6EBCA1F1C5D950076E1D0 /* GCDSemaphore.h */ = {isa = PBXFileReference; fileEncoding = 4; lastKnownFileType = sourcecode.c.h; path = GCDSemaphore.h; sourceTree = "<group>"; };
		68F6EBCB1F1C5D950076E1D0 /* GCDSemaphore.m */ = {isa = PBXFileReference; fileEncoding = 4; lastKnownFileType = sourcecode.c.objc; path = GCDSemaphore.m; sourceTree = "<group>"; };
		68F6EBCC1F1C5D950076E1D0 /* GCDTimer.h */ = {isa = PBXFileReference; fileEncoding = 4; lastKnownFileType = sourcecode.c.h; path = GCDTimer.h; sourceTree = "<group>"; };
		68F6EBCD1F1C5D950076E1D0 /* GCDTimer.m */ = {isa = PBXFileReference; fileEncoding = 4; lastKnownFileType = sourcecode.c.objc; path = GCDTimer.m; sourceTree = "<group>"; };
		68F6EBCE1F1C5D950076E1D0 /* UIView+SetRect.h */ = {isa = PBXFileReference; fileEncoding = 4; lastKnownFileType = sourcecode.c.h; path = "UIView+SetRect.h"; sourceTree = "<group>"; };
		68F6EBCF1F1C5D950076E1D0 /* UIView+SetRect.m */ = {isa = PBXFileReference; fileEncoding = 4; lastKnownFileType = sourcecode.c.objc; path = "UIView+SetRect.m"; sourceTree = "<group>"; };
		68F6EBD01F1C5D950076E1D0 /* WxHxD.h */ = {isa = PBXFileReference; fileEncoding = 4; lastKnownFileType = sourcecode.c.h; path = WxHxD.h; sourceTree = "<group>"; };
		68F6EBD11F1C5D950076E1D0 /* WxHxD.m */ = {isa = PBXFileReference; fileEncoding = 4; lastKnownFileType = sourcecode.c.objc; path = WxHxD.m; sourceTree = "<group>"; };
		68F6EBD81F1C5DC70076E1D0 /* ZMGCDQueue.h */ = {isa = PBXFileReference; fileEncoding = 4; lastKnownFileType = sourcecode.c.h; path = ZMGCDQueue.h; sourceTree = "<group>"; };
		68F6EBD91F1C5DC70076E1D0 /* ZMGCDQueue.m */ = {isa = PBXFileReference; fileEncoding = 4; lastKnownFileType = sourcecode.c.objc; path = ZMGCDQueue.m; sourceTree = "<group>"; };
		68F6EBDE1F1C88DA0076E1D0 /* CircleProgressView.h */ = {isa = PBXFileReference; fileEncoding = 4; lastKnownFileType = sourcecode.c.h; path = CircleProgressView.h; sourceTree = "<group>"; };
		68F6EBDF1F1C88DA0076E1D0 /* CircleProgressView.m */ = {isa = PBXFileReference; fileEncoding = 4; lastKnownFileType = sourcecode.c.objc; path = CircleProgressView.m; sourceTree = "<group>"; };
		68FD52E51F15BD9700B3C153 /* CAHeader.h */ = {isa = PBXFileReference; fileEncoding = 4; lastKnownFileType = sourcecode.c.h; path = CAHeader.h; sourceTree = "<group>"; };
		68FD52E61F15BD9700B3C153 /* CALayerAnimationTools.h */ = {isa = PBXFileReference; fileEncoding = 4; lastKnownFileType = sourcecode.c.h; path = CALayerAnimationTools.h; sourceTree = "<group>"; };
		68FD52E71F15BD9700B3C153 /* CALayerAnimationTools.m */ = {isa = PBXFileReference; fileEncoding = 4; lastKnownFileType = sourcecode.c.objc; path = CALayerAnimationTools.m; sourceTree = "<group>"; };
		68FD52E91F15BDB300B3C153 /* NSObject+CALayerAnimation.h */ = {isa = PBXFileReference; fileEncoding = 4; lastKnownFileType = sourcecode.c.h; path = "NSObject+CALayerAnimation.h"; sourceTree = "<group>"; };
		68FD52EA1F15BDB300B3C153 /* NSObject+CALayerAnimation.m */ = {isa = PBXFileReference; fileEncoding = 4; lastKnownFileType = sourcecode.c.objc; path = "NSObject+CALayerAnimation.m"; sourceTree = "<group>"; };
		68FD52EF1F15C71400B3C153 /* CALayer_BaseVC.h */ = {isa = PBXFileReference; fileEncoding = 4; lastKnownFileType = sourcecode.c.h; path = CALayer_BaseVC.h; sourceTree = "<group>"; };
		68FD52F01F15C71400B3C153 /* CALayer_BaseVC.m */ = {isa = PBXFileReference; fileEncoding = 4; lastKnownFileType = sourcecode.c.objc; path = CALayer_BaseVC.m; sourceTree = "<group>"; };
		68FD52F21F15CEBF00B3C153 /* CALayer_TypeVC.h */ = {isa = PBXFileReference; fileEncoding = 4; lastKnownFileType = sourcecode.c.h; path = CALayer_TypeVC.h; sourceTree = "<group>"; };
		68FD52F31F15CEBF00B3C153 /* CALayer_TypeVC.m */ = {isa = PBXFileReference; fileEncoding = 4; lastKnownFileType = sourcecode.c.objc; path = CALayer_TypeVC.m; sourceTree = "<group>"; };
		68FD52F51F15F30E00B3C153 /* CAAnimation_VC.h */ = {isa = PBXFileReference; fileEncoding = 4; lastKnownFileType = sourcecode.c.h; path = CAAnimation_VC.h; sourceTree = "<group>"; };
		68FD52F61F15F30E00B3C153 /* CAAnimation_VC.m */ = {isa = PBXFileReference; fileEncoding = 4; lastKnownFileType = sourcecode.c.objc; path = CAAnimation_VC.m; sourceTree = "<group>"; };
		68FD52F81F15F62400B3C153 /* CALayerAnimation_LibVC.h */ = {isa = PBXFileReference; fileEncoding = 4; lastKnownFileType = sourcecode.c.h; path = CALayerAnimation_LibVC.h; sourceTree = "<group>"; };
		68FD52F91F15F62400B3C153 /* CALayerAnimation_LibVC.m */ = {isa = PBXFileReference; fileEncoding = 4; lastKnownFileType = sourcecode.c.objc; path = CALayerAnimation_LibVC.m; sourceTree = "<group>"; };
		68FD52FB1F15FBB300B3C153 /* s1.png */ = {isa = PBXFileReference; lastKnownFileType = image.png; path = s1.png; sourceTree = "<group>"; };
		68FD52FD1F15FBE800B3C153 /* m0.jpg */ = {isa = PBXFileReference; lastKnownFileType = image.jpeg; path = m0.jpg; sourceTree = "<group>"; };
		68FD52FE1F15FBE800B3C153 /* m1.jpg */ = {isa = PBXFileReference; lastKnownFileType = image.jpeg; path = m1.jpg; sourceTree = "<group>"; };
		68FD53041F1620FA00B3C153 /* CoreGraphics.framework */ = {isa = PBXFileReference; lastKnownFileType = wrapper.framework; name = CoreGraphics.framework; path = System/Library/Frameworks/CoreGraphics.framework; sourceTree = SDKROOT; };
		68FD53061F16229900B3C153 /* UIKit.framework */ = {isa = PBXFileReference; lastKnownFileType = wrapper.framework; name = UIKit.framework; path = System/Library/Frameworks/UIKit.framework; sourceTree = SDKROOT; };
		68FD53081F1622A600B3C153 /* Foundation.framework */ = {isa = PBXFileReference; lastKnownFileType = wrapper.framework; name = Foundation.framework; path = System/Library/Frameworks/Foundation.framework; sourceTree = SDKROOT; };
/* End PBXFileReference section */

/* Begin PBXFrameworksBuildPhase section */
		685ACA6B1F0DDFB700C6BF2C /* Frameworks */ = {
			isa = PBXFrameworksBuildPhase;
			buildActionMask = 2147483647;
			files = (
				68FD53091F1622A600B3C153 /* Foundation.framework in Frameworks */,
				68FD53071F16229900B3C153 /* UIKit.framework in Frameworks */,
				68FD53051F1620FA00B3C153 /* CoreGraphics.framework in Frameworks */,
				68D06B471F132006004ED2B5 /* CoreText.framework in Frameworks */,
				68D06B451F131FFB004ED2B5 /* QuartzCore.framework in Frameworks */,
			);
			runOnlyForDeploymentPostprocessing = 0;
		};
		685ACA871F0DDFB700C6BF2C /* Frameworks */ = {
			isa = PBXFrameworksBuildPhase;
			buildActionMask = 2147483647;
			files = (
			);
			runOnlyForDeploymentPostprocessing = 0;
		};
		685ACA921F0DDFB800C6BF2C /* Frameworks */ = {
			isa = PBXFrameworksBuildPhase;
			buildActionMask = 2147483647;
			files = (
			);
			runOnlyForDeploymentPostprocessing = 0;
		};
/* End PBXFrameworksBuildPhase section */

/* Begin PBXGroup section */
		685ACA651F0DDFB700C6BF2C = {
			isa = PBXGroup;
			children = (
				685ACA701F0DDFB700C6BF2C /* ZM_CALayerAnimation */,
				685ACA8D1F0DDFB700C6BF2C /* ZM_CALayerAnimationTests */,
				685ACA981F0DDFB800C6BF2C /* ZM_CALayerAnimationUITests */,
				685ACA6F1F0DDFB700C6BF2C /* Products */,
				68D06B431F131FFB004ED2B5 /* Frameworks */,
			);
			sourceTree = "<group>";
		};
		685ACA6F1F0DDFB700C6BF2C /* Products */ = {
			isa = PBXGroup;
			children = (
				685ACA6E1F0DDFB700C6BF2C /* ZM_CALayerAnimation.app */,
				685ACA8A1F0DDFB700C6BF2C /* ZM_CALayerAnimationTests.xctest */,
				685ACA951F0DDFB800C6BF2C /* ZM_CALayerAnimationUITests.xctest */,
			);
			name = Products;
			sourceTree = "<group>";
		};
		685ACA701F0DDFB700C6BF2C /* ZM_CALayerAnimation */ = {
			isa = PBXGroup;
			children = (
				685ACA741F0DDFB700C6BF2C /* AppDelegate.h */,
				685ACA751F0DDFB700C6BF2C /* AppDelegate.m */,
				68FD52E41F15BD8600B3C153 /* CALayerAnimationTools */,
				685ACAA71F0DDFD100C6BF2C /* VController */,
				685ACA801F0DDFB700C6BF2C /* Assets.xcassets */,
				68788E3B1F1465630022581E /* Model */,
				685ACAEA1F0DE28C00C6BF2C /* View */,
				685ACAC91F0DE03E00C6BF2C /* Libs */,
				685ACAD91F0DE24100C6BF2C /* resource */,
				685ACA711F0DDFB700C6BF2C /* Supporting Files */,
			);
			path = ZM_CALayerAnimation;
			sourceTree = "<group>";
		};
		685ACA711F0DDFB700C6BF2C /* Supporting Files */ = {
			isa = PBXGroup;
			children = (
				683C1D971F175BB30050ABAB /* NSObject+NSLog.h */,
				683C1D981F175BB30050ABAB /* NSObject+NSLog.m */,
				685ACAC31F0DE01200C6BF2C /* UIView+ZMAdd.h */,
				685ACAC41F0DE01200C6BF2C /* UIView+ZMAdd.m */,
				685ACAC51F0DE01200C6BF2C /* UIView+ZMFrame.h */,
				685ACAC61F0DE01200C6BF2C /* UIView+ZMFrame.m */,
				685ACA721F0DDFB700C6BF2C /* main.m */,
				685ACA851F0DDFB700C6BF2C /* Info.plist */,
				685ACA7D1F0DDFB700C6BF2C /* ZM_CALayerAnimation.xcdatamodeld */,
				685ACA7A1F0DDFB700C6BF2C /* Main.storyboard */,
				685ACA821F0DDFB700C6BF2C /* LaunchScreen.storyboard */,
			);
			name = "Supporting Files";
			sourceTree = "<group>";
		};
		685ACA8D1F0DDFB700C6BF2C /* ZM_CALayerAnimationTests */ = {
			isa = PBXGroup;
			children = (
				685ACA8E1F0DDFB700C6BF2C /* ZM_CALayerAnimationTests.m */,
				685ACA901F0DDFB700C6BF2C /* Info.plist */,
			);
			path = ZM_CALayerAnimationTests;
			sourceTree = "<group>";
		};
		685ACA981F0DDFB800C6BF2C /* ZM_CALayerAnimationUITests */ = {
			isa = PBXGroup;
			children = (
				685ACA991F0DDFB800C6BF2C /* ZM_CALayerAnimationUITests.m */,
				685ACA9B1F0DDFB800C6BF2C /* Info.plist */,
			);
			path = ZM_CALayerAnimationUITests;
			sourceTree = "<group>";
		};
		685ACAA71F0DDFD100C6BF2C /* VController */ = {
			isa = PBXGroup;
			children = (
				685ACAA81F0DDFD100C6BF2C /* BaseFile */,
				685ACB011F0DE35E00C6BF2C /* Chart */,
				685ACAFD1F0DE31900C6BF2C /* CALayerAnimation */,
				685ACAB01F0DDFD100C6BF2C /* FirstVController.h */,
				685ACAB11F0DDFD100C6BF2C /* FirstVController.m */,
				685ACAB21F0DDFD100C6BF2C /* FirstVController.xib */,
				685ACAB31F0DDFD100C6BF2C /* SecondVController.h */,
				685ACAB41F0DDFD100C6BF2C /* SecondVController.m */,
				68A7042D1F340C090037ECB1 /* Test_VC.h */,
				68A7042E1F340C090037ECB1 /* Test_VC.m */,
				68A7042F1F340C090037ECB1 /* Test_VC.xib */,
				685ACB491F0E0A8200C6BF2C /* DrawRect_VC.h */,
				685ACB4A1F0E0A8200C6BF2C /* DrawRect_VC.m */,
				6822C13D1F2B1BBB0027DF6F /* DrawRect1_VC.h */,
				6822C13E1F2B1BBB0027DF6F /* DrawRect1_VC.m */,
				683C1D6B1F173E520050ABAB /* DrawRect2_VC.h */,
				683C1D6C1F173E520050ABAB /* DrawRect2_VC.m */,
				685ACB4F1F0E0AE300C6BF2C /* CALayer_VC.h */,
				685ACB501F0E0AE300C6BF2C /* CALayer_VC.m */,
				68FD52EF1F15C71400B3C153 /* CALayer_BaseVC.h */,
				68FD52F01F15C71400B3C153 /* CALayer_BaseVC.m */,
				68FD52F21F15CEBF00B3C153 /* CALayer_TypeVC.h */,
				68FD52F31F15CEBF00B3C153 /* CALayer_TypeVC.m */,
				68788E421F14735D0022581E /* CALayer_CAEmitterLayer.h */,
				68788E431F14735D0022581E /* CALayer_CAEmitterLayer.m */,
				685ACB461F0E0A4600C6BF2C /* CAShapeLayer_VC.h */,
				685ACB471F0E0A4600C6BF2C /* CAShapeLayer_VC.m */,
				685ACB431F0E07EF00C6BF2C /* UIBezierPath_VC.h */,
				685ACB441F0E07EF00C6BF2C /* UIBezierPath_VC.m */,
				685ACB4C1F0E0AC300C6BF2C /* CABasicAnimation_VC.h */,
				685ACB4D1F0E0AC300C6BF2C /* CABasicAnimation_VC.m */,
				68788E481F1479D00022581E /* CABasicAnimation_VC1.h */,
				68788E491F1479D00022581E /* CABasicAnimation_VC1.m */,
				68788E511F14C94C0022581E /* CABasicAnimation_VC2.h */,
				68788E521F14C94C0022581E /* CABasicAnimation_VC2.m */,
				6827CDFA1F0F2B4D005B5EC8 /* CATransition_VC.h */,
				6827CDFB1F0F2B4D005B5EC8 /* CATransition_VC.m */,
				68FD52F51F15F30E00B3C153 /* CAAnimation_VC.h */,
				68FD52F61F15F30E00B3C153 /* CAAnimation_VC.m */,
				68F6EBC11F1C5B240076E1D0 /* CATransform3D_VC.h */,
				68F6EBC21F1C5B240076E1D0 /* CATransform3D_VC.m */,
				68D523671F1CB43B008A4F06 /* CATransform3D_VC2.h */,
				68D523681F1CB43B008A4F06 /* CATransform3D_VC2.m */,
				68D5236D1F1CBFF6008A4F06 /* Form_VC.h */,
				68D5236E1F1CBFF6008A4F06 /* Form_VC.m */,
				687BAEE41F1CFCC80001CF77 /* WaterWave_VC.h */,
				687BAEE51F1CFCC80001CF77 /* WaterWave_VC.m */,
			);
			path = VController;
			sourceTree = "<group>";
		};
		685ACAA81F0DDFD100C6BF2C /* BaseFile */ = {
			isa = PBXGroup;
			children = (
				685ACAAC1F0DDFD100C6BF2C /* Common.h */,
				685ACAAD1F0DDFD100C6BF2C /* Common.m */,
				685ACAA91F0DDFD100C6BF2C /* BaseHeader.h */,
				685ACAAA1F0DDFD100C6BF2C /* BBaseViewController.h */,
				685ACAAB1F0DDFD100C6BF2C /* BBaseViewController.m */,
				685ACAAE1F0DDFD100C6BF2C /* RootViewController.h */,
				68A704371F3419610037ECB1 /* RootViewController.m */,
			);
			path = BaseFile;
			sourceTree = "<group>";
		};
		685ACAC91F0DE03E00C6BF2C /* Libs */ = {
			isa = PBXGroup;
			children = (
				68F6EBDE1F1C88DA0076E1D0 /* CircleProgressView.h */,
				68F6EBDF1F1C88DA0076E1D0 /* CircleProgressView.m */,
				68D5236A1F1CBF58008A4F06 /* UIView+BorderPath.h */,
				68D5236B1F1CBF58008A4F06 /* UIView+BorderPath.m */,
				68D523701F1CC064008A4F06 /* FormView.h */,
				68D523711F1CC064008A4F06 /* FormView.m */,
				687BAEE11F1CFBD00001CF77 /* WaveWaterView.h */,
				687BAEE21F1CFBD00001CF77 /* WaveWaterView.m */,
				68BB78FD1F1E549E00434B70 /* KlineView.h */,
				68BB78FE1F1E549E00434B70 /* KlineView.m */,
				68BB79001F1E5AC100434B70 /* ZM_KLineModel.h */,
				68BB79011F1E5AC100434B70 /* ZM_KLineModel.m */,
				68D06B3F1F131F4A004ED2B5 /* mask.png */,
				681C16211F3322F4008F9AA2 /* UIView+ZMAdd.h */,
				681C16221F3322F4008F9AA2 /* UIView+ZMAdd.m */,
				68F6EBC41F1C5D950076E1D0 /* GCD */,
				685ACACA1F0DE04600C6BF2C /* Fun */,
				685ACACD1F0DE04600C6BF2C /* XSChart */,
			);
			path = Libs;
			sourceTree = "<group>";
		};
		685ACACA1F0DE04600C6BF2C /* Fun */ = {
			isa = PBXGroup;
			children = (
				685ACACB1F0DE04600C6BF2C /* UIBezierPath+ZJText.h */,
				685ACACC1F0DE04600C6BF2C /* UIBezierPath+ZJText.m */,
			);
			path = Fun;
			sourceTree = "<group>";
		};
		685ACACD1F0DE04600C6BF2C /* XSChart */ = {
			isa = PBXGroup;
			children = (
				685ACACE1F0DE04600C6BF2C /* XSChart.h */,
				685ACACF1F0DE04600C6BF2C /* XSChart.m */,
			);
			path = XSChart;
			sourceTree = "<group>";
		};
		685ACAD91F0DE24100C6BF2C /* resource */ = {
			isa = PBXGroup;
			children = (
				68F6EBBC1F1C4CAF0076E1D0 /* scene1_1.png */,
				68D06B4C1F1326EB004ED2B5 /* gray1.jpg */,
				68D06B411F131F4E004ED2B5 /* mask.png */,
				686A2DF21F1202FC002D09C8 /* test.png */,
				6827CDFF1F0F521D005B5EC8 /* aa.png */,
				6827CE011F0F59DE005B5EC8 /* bb.png */,
				6827CE031F0F5B91005B5EC8 /* cc.png */,
				6827CDFD1F0F36D9005B5EC8 /* Home.jpg */,
				685ACADA1F0DE24100C6BF2C /* Checkmark@2x.png */,
				685ACADB1F0DE24100C6BF2C /* compress.png */,
				685ACADC1F0DE24100C6BF2C /* Guidepage_1242x2208-3.png */,
				685ACADD1F0DE24100C6BF2C /* News_Picture_Save@2x.png */,
				685ACADE1F0DE24100C6BF2C /* nowifi.png */,
				68FD52FD1F15FBE800B3C153 /* m0.jpg */,
				68FD52FE1F15FBE800B3C153 /* m1.jpg */,
				68FD52FB1F15FBB300B3C153 /* s1.png */,
				685ACADF1F0DE24100C6BF2C /* scene1.png */,
				685ACAE01F0DE24100C6BF2C /* scene2.png */,
				68D06B4A1F132564004ED2B5 /* scene13.jpg */,
				685ACAE11F0DE24100C6BF2C /* test1.jpeg */,
				685ACB321F0DE76400C6BF2C /* 0.png */,
				685ACB341F0DE76400C6BF2C /* 樱花瓣1.png */,
				685ACB351F0DE76400C6BF2C /* 樱花瓣2.png */,
				685ACB361F0DE76400C6BF2C /* 樱花树1.png */,
				685ACB371F0DE76400C6BF2C /* 樱花树2.png */,
				685ACB381F0DE76400C6BF2C /* 樱花树3.png */,
				685ACB0C1F0DE4F100C6BF2C /* 1.jpg */,
				685ACB0E1F0DE4F100C6BF2C /* 2.jpg */,
				685ACB141F0DE4F100C6BF2C /* BANK_CCB@2x.png */,
				685ACB151F0DE4F100C6BF2C /* BANK_CMB@2x.png */,
				685ACB161F0DE4F100C6BF2C /* bg_avatar.png */,
			);
			path = resource;
			sourceTree = "<group>";
		};
		685ACAEA1F0DE28C00C6BF2C /* View */ = {
			isa = PBXGroup;
			children = (
				685ACAFA1F0DE2AF00C6BF2C /* ScaleCell.h */,
				685ACAFB1F0DE2AF00C6BF2C /* ScaleCell.m */,
				685ACAEB1F0DE28C00C6BF2C /* CircleView.h */,
				685ACAEC1F0DE28C00C6BF2C /* CircleView.m */,
				685ACAED1F0DE28C00C6BF2C /* GraphicsView.h */,
				685ACAEE1F0DE28C00C6BF2C /* GraphicsView.m */,
				683C1D651F173DB90050ABAB /* DrawRectView2.h */,
				683C1D661F173DB90050ABAB /* DrawRectView2.m */,
				68F6EBBE1F1C4EAD0076E1D0 /* DrawRect_imgBgView.h */,
				68F6EBBF1F1C4EAD0076E1D0 /* DrawRect_imgBgView.m */,
				685ACB521F0E107800C6BF2C /* UIBezierPath_AAView.h */,
				685ACB531F0E107800C6BF2C /* UIBezierPath_AAView.m */,
				68788E4B1F14B68E0022581E /* UIBezierPath_RectView.h */,
				68788E4C1F14B68E0022581E /* UIBezierPath_RectView.m */,
				685ACB551F0E185F00C6BF2C /* CGContextRef_aaView.h */,
				685ACB561F0E185F00C6BF2C /* CGContextRef_aaView.m */,
				685ACAEF1F0DE28C00C6BF2C /* RectView.h */,
				685ACAF01F0DE28C00C6BF2C /* RectView.m */,
				681C161B1F3310F4008F9AA2 /* TestView.h */,
				681C161C1F3310F4008F9AA2 /* TestView.m */,
				68A704321F3410AC0037ECB1 /* CustomView.h */,
				68A704331F3410AC0037ECB1 /* CustomView.m */,
				68A704351F3410BE0037ECB1 /* CustomView.xib */,
			);
			path = View;
			sourceTree = "<group>";
		};
		685ACAFD1F0DE31900C6BF2C /* CALayerAnimation */ = {
			isa = PBXGroup;
			children = (
				68FD52F81F15F62400B3C153 /* CALayerAnimation_LibVC.h */,
				68FD52F91F15F62400B3C153 /* CALayerAnimation_LibVC.m */,
				68F6E72A1F1D9E3000202545 /* TextAnimationVC.h */,
				68F6E72B1F1D9E3000202545 /* TextAnimationVC.m */,
			);
			path = CALayerAnimation;
			sourceTree = "<group>";
		};
		685ACB011F0DE35E00C6BF2C /* Chart */ = {
			isa = PBXGroup;
			children = (
				685ACB021F0DE35E00C6BF2C /* XSChartVController.h */,
				685ACB031F0DE35E00C6BF2C /* XSChartVController.m */,
			);
			path = Chart;
			sourceTree = "<group>";
		};
		68788E3B1F1465630022581E /* Model */ = {
			isa = PBXGroup;
			children = (
				68F6EBD81F1C5DC70076E1D0 /* ZMGCDQueue.h */,
				68F6EBD91F1C5DC70076E1D0 /* ZMGCDQueue.m */,
			);
			path = Model;
			sourceTree = "<group>";
		};
		68D06B431F131FFB004ED2B5 /* Frameworks */ = {
			isa = PBXGroup;
			children = (
				68FD53081F1622A600B3C153 /* Foundation.framework */,
				68FD53061F16229900B3C153 /* UIKit.framework */,
				68FD53041F1620FA00B3C153 /* CoreGraphics.framework */,
				68D06B461F132006004ED2B5 /* CoreText.framework */,
				68D06B441F131FFB004ED2B5 /* QuartzCore.framework */,
			);
			name = Frameworks;
			sourceTree = "<group>";
		};
		68F6EBC41F1C5D950076E1D0 /* GCD */ = {
			isa = PBXGroup;
			children = (
				68F6EBC51F1C5D950076E1D0 /* GCD.h */,
				68F6EBC61F1C5D950076E1D0 /* GCDGroup.h */,
				68F6EBC71F1C5D950076E1D0 /* GCDGroup.m */,
				68F6EBC81F1C5D950076E1D0 /* GCDQueue.h */,
				68F6EBC91F1C5D950076E1D0 /* GCDQueue.m */,
				68F6EBCA1F1C5D950076E1D0 /* GCDSemaphore.h */,
				68F6EBCB1F1C5D950076E1D0 /* GCDSemaphore.m */,
				68F6EBCC1F1C5D950076E1D0 /* GCDTimer.h */,
				68F6EBCD1F1C5D950076E1D0 /* GCDTimer.m */,
				68F6EBCE1F1C5D950076E1D0 /* UIView+SetRect.h */,
				68F6EBCF1F1C5D950076E1D0 /* UIView+SetRect.m */,
				68F6EBD01F1C5D950076E1D0 /* WxHxD.h */,
				68F6EBD11F1C5D950076E1D0 /* WxHxD.m */,
			);
			path = GCD;
			sourceTree = "<group>";
		};
		68FD52E41F15BD8600B3C153 /* CALayerAnimationTools */ = {
			isa = PBXGroup;
			children = (
				68FD52E51F15BD9700B3C153 /* CAHeader.h */,
				68FD52E61F15BD9700B3C153 /* CALayerAnimationTools.h */,
				68FD52E71F15BD9700B3C153 /* CALayerAnimationTools.m */,
				68FD52E91F15BDB300B3C153 /* NSObject+CALayerAnimation.h */,
				68FD52EA1F15BDB300B3C153 /* NSObject+CALayerAnimation.m */,
			);
			path = CALayerAnimationTools;
			sourceTree = "<group>";
		};
/* End PBXGroup section */

/* Begin PBXNativeTarget section */
		685ACA6D1F0DDFB700C6BF2C /* ZM_CALayerAnimation */ = {
			isa = PBXNativeTarget;
			buildConfigurationList = 685ACA9E1F0DDFB800C6BF2C /* Build configuration list for PBXNativeTarget "ZM_CALayerAnimation" */;
			buildPhases = (
				685ACA6A1F0DDFB700C6BF2C /* Sources */,
				685ACA6B1F0DDFB700C6BF2C /* Frameworks */,
				685ACA6C1F0DDFB700C6BF2C /* Resources */,
			);
			buildRules = (
			);
			dependencies = (
			);
			name = ZM_CALayerAnimation;
			productName = ZM_CALayerAnimation;
			productReference = 685ACA6E1F0DDFB700C6BF2C /* ZM_CALayerAnimation.app */;
			productType = "com.apple.product-type.application";
		};
		685ACA891F0DDFB700C6BF2C /* ZM_CALayerAnimationTests */ = {
			isa = PBXNativeTarget;
			buildConfigurationList = 685ACAA11F0DDFB800C6BF2C /* Build configuration list for PBXNativeTarget "ZM_CALayerAnimationTests" */;
			buildPhases = (
				685ACA861F0DDFB700C6BF2C /* Sources */,
				685ACA871F0DDFB700C6BF2C /* Frameworks */,
				685ACA881F0DDFB700C6BF2C /* Resources */,
			);
			buildRules = (
			);
			dependencies = (
				685ACA8C1F0DDFB700C6BF2C /* PBXTargetDependency */,
			);
			name = ZM_CALayerAnimationTests;
			productName = ZM_CALayerAnimationTests;
			productReference = 685ACA8A1F0DDFB700C6BF2C /* ZM_CALayerAnimationTests.xctest */;
			productType = "com.apple.product-type.bundle.unit-test";
		};
		685ACA941F0DDFB800C6BF2C /* ZM_CALayerAnimationUITests */ = {
			isa = PBXNativeTarget;
			buildConfigurationList = 685ACAA41F0DDFB800C6BF2C /* Build configuration list for PBXNativeTarget "ZM_CALayerAnimationUITests" */;
			buildPhases = (
				685ACA911F0DDFB800C6BF2C /* Sources */,
				685ACA921F0DDFB800C6BF2C /* Frameworks */,
				685ACA931F0DDFB800C6BF2C /* Resources */,
			);
			buildRules = (
			);
			dependencies = (
				685ACA971F0DDFB800C6BF2C /* PBXTargetDependency */,
			);
			name = ZM_CALayerAnimationUITests;
			productName = ZM_CALayerAnimationUITests;
			productReference = 685ACA951F0DDFB800C6BF2C /* ZM_CALayerAnimationUITests.xctest */;
			productType = "com.apple.product-type.bundle.ui-testing";
		};
/* End PBXNativeTarget section */

/* Begin PBXProject section */
		685ACA661F0DDFB700C6BF2C /* Project object */ = {
			isa = PBXProject;
			attributes = {
				LastUpgradeCheck = 0830;
				ORGANIZATIONNAME = ZM;
				TargetAttributes = {
					685ACA6D1F0DDFB700C6BF2C = {
						CreatedOnToolsVersion = 8.3.1;
						DevelopmentTeam = 6VVZ2WJX69;
						ProvisioningStyle = Automatic;
					};
					685ACA891F0DDFB700C6BF2C = {
						CreatedOnToolsVersion = 8.3.1;
						DevelopmentTeam = 6VVZ2WJX69;
						ProvisioningStyle = Automatic;
						TestTargetID = 685ACA6D1F0DDFB700C6BF2C;
					};
					685ACA941F0DDFB800C6BF2C = {
						CreatedOnToolsVersion = 8.3.1;
						DevelopmentTeam = 6VVZ2WJX69;
						ProvisioningStyle = Automatic;
						TestTargetID = 685ACA6D1F0DDFB700C6BF2C;
					};
				};
			};
			buildConfigurationList = 685ACA691F0DDFB700C6BF2C /* Build configuration list for PBXProject "ZM_CALayerAnimation" */;
			compatibilityVersion = "Xcode 3.2";
			developmentRegion = English;
			hasScannedForEncodings = 0;
			knownRegions = (
				en,
				Base,
			);
			mainGroup = 685ACA651F0DDFB700C6BF2C;
			productRefGroup = 685ACA6F1F0DDFB700C6BF2C /* Products */;
			projectDirPath = "";
			projectRoot = "";
			targets = (
				685ACA6D1F0DDFB700C6BF2C /* ZM_CALayerAnimation */,
				685ACA891F0DDFB700C6BF2C /* ZM_CALayerAnimationTests */,
				685ACA941F0DDFB800C6BF2C /* ZM_CALayerAnimationUITests */,
			);
		};
/* End PBXProject section */

/* Begin PBXResourcesBuildPhase section */
		685ACA6C1F0DDFB700C6BF2C /* Resources */ = {
			isa = PBXResourcesBuildPhase;
			buildActionMask = 2147483647;
			files = (
				685ACA841F0DDFB700C6BF2C /* LaunchScreen.storyboard in Resources */,
				685ACA811F0DDFB700C6BF2C /* Assets.xcassets in Resources */,
				685ACB211F0DE4F100C6BF2C /* BANK_CMB@2x.png in Resources */,
				685ACAE71F0DE24100C6BF2C /* scene1.png in Resources */,
				685ACAE81F0DE24100C6BF2C /* scene2.png in Resources */,
				685ACB3F1F0DE76400C6BF2C /* 樱花树3.png in Resources */,
				685ACB181F0DE4F100C6BF2C /* 1.jpg in Resources */,
				685ACAE61F0DE24100C6BF2C /* nowifi.png in Resources */,
				685ACAE41F0DE24100C6BF2C /* Guidepage_1242x2208-3.png in Resources */,
				68D06B421F131F4E004ED2B5 /* mask.png in Resources */,
				685ACAE51F0DE24100C6BF2C /* News_Picture_Save@2x.png in Resources */,
				68D06B4B1F132564004ED2B5 /* scene13.jpg in Resources */,
				68D06B401F131F4A004ED2B5 /* mask.png in Resources */,
				685ACB221F0DE4F100C6BF2C /* bg_avatar.png in Resources */,
				6827CDFE1F0F36D9005B5EC8 /* Home.jpg in Resources */,
				68FD53001F15FBE800B3C153 /* m1.jpg in Resources */,
				6827CE001F0F521D005B5EC8 /* aa.png in Resources */,
				68FD52FF1F15FBE800B3C153 /* m0.jpg in Resources */,
				685ACA7C1F0DDFB700C6BF2C /* Main.storyboard in Resources */,
				68A704361F3410BE0037ECB1 /* CustomView.xib in Resources */,
				686A2DF31F1202FC002D09C8 /* test.png in Resources */,
				6827CE041F0F5B91005B5EC8 /* cc.png in Resources */,
				685ACB3B1F0DE76400C6BF2C /* 樱花瓣1.png in Resources */,
				685ACB3E1F0DE76400C6BF2C /* 樱花树2.png in Resources */,
				685ACB1A1F0DE4F100C6BF2C /* 2.jpg in Resources */,
				68FD52FC1F15FBB300B3C153 /* s1.png in Resources */,
				68A704311F340C090037ECB1 /* Test_VC.xib in Resources */,
				685ACB3D1F0DE76400C6BF2C /* 樱花树1.png in Resources */,
				685ACABD1F0DDFD100C6BF2C /* FirstVController.xib in Resources */,
				685ACAE21F0DE24100C6BF2C /* Checkmark@2x.png in Resources */,
				685ACB3C1F0DE76400C6BF2C /* 樱花瓣2.png in Resources */,
				68D06B4D1F1326EB004ED2B5 /* gray1.jpg in Resources */,
				685ACAE31F0DE24100C6BF2C /* compress.png in Resources */,
				685ACB391F0DE76400C6BF2C /* 0.png in Resources */,
				685ACAE91F0DE24100C6BF2C /* test1.jpeg in Resources */,
				6827CE021F0F59DE005B5EC8 /* bb.png in Resources */,
				68F6EBBD1F1C4CAF0076E1D0 /* scene1_1.png in Resources */,
				685ACB201F0DE4F100C6BF2C /* BANK_CCB@2x.png in Resources */,
			);
			runOnlyForDeploymentPostprocessing = 0;
		};
		685ACA881F0DDFB700C6BF2C /* Resources */ = {
			isa = PBXResourcesBuildPhase;
			buildActionMask = 2147483647;
			files = (
			);
			runOnlyForDeploymentPostprocessing = 0;
		};
		685ACA931F0DDFB800C6BF2C /* Resources */ = {
			isa = PBXResourcesBuildPhase;
			buildActionMask = 2147483647;
			files = (
			);
			runOnlyForDeploymentPostprocessing = 0;
		};
/* End PBXResourcesBuildPhase section */

/* Begin PBXSourcesBuildPhase section */
		685ACA6A1F0DDFB700C6BF2C /* Sources */ = {
			isa = PBXSourcesBuildPhase;
			buildActionMask = 2147483647;
			files = (
				68FD52FA1F15F62400B3C153 /* CALayerAnimation_LibVC.m in Sources */,
				68FD52EB1F15BDB300B3C153 /* NSObject+CALayerAnimation.m in Sources */,
				685ACAF31F0DE28C00C6BF2C /* CircleView.m in Sources */,
				68788E531F14C94C0022581E /* CABasicAnimation_VC2.m in Sources */,
				6827CDFC1F0F2B4D005B5EC8 /* CATransition_VC.m in Sources */,
				683C1D991F175BB30050ABAB /* NSObject+NSLog.m in Sources */,
				685ACB481F0E0A4600C6BF2C /* CAShapeLayer_VC.m in Sources */,
				685ACABA1F0DDFD100C6BF2C /* Common.m in Sources */,
				68A704381F3419610037ECB1 /* RootViewController.m in Sources */,
				685ACB511F0E0AE300C6BF2C /* CALayer_VC.m in Sources */,
				68F6EBDA1F1C5DC70076E1D0 /* ZMGCDQueue.m in Sources */,
				68FD52F41F15CEBF00B3C153 /* CALayer_TypeVC.m in Sources */,
				685ACB571F0E185F00C6BF2C /* CGContextRef_aaView.m in Sources */,
				68F6EBD41F1C5D950076E1D0 /* GCDSemaphore.m in Sources */,
				685ACAF51F0DE28C00C6BF2C /* RectView.m in Sources */,
				68FD52E81F15BD9700B3C153 /* CALayerAnimationTools.m in Sources */,
				685ACAFC1F0DE2AF00C6BF2C /* ScaleCell.m in Sources */,
				685ACAB91F0DDFD100C6BF2C /* BBaseViewController.m in Sources */,
				6822C13F1F2B1BBB0027DF6F /* DrawRect1_VC.m in Sources */,
				68D523691F1CB43B008A4F06 /* CATransform3D_VC2.m in Sources */,
				68D5236C1F1CBF58008A4F06 /* UIView+BorderPath.m in Sources */,
				683C1D6D1F173E520050ABAB /* DrawRect2_VC.m in Sources */,
				685ACAC81F0DE01200C6BF2C /* UIView+ZMFrame.m in Sources */,
				685ACABE1F0DDFD100C6BF2C /* SecondVController.m in Sources */,
				685ACAD11F0DE04600C6BF2C /* XSChart.m in Sources */,
				681C161D1F3310F4008F9AA2 /* TestView.m in Sources */,
				68F6EBC31F1C5B240076E1D0 /* CATransform3D_VC.m in Sources */,
				683C1D671F173DB90050ABAB /* DrawRectView2.m in Sources */,
				68F6EBD61F1C5D950076E1D0 /* UIView+SetRect.m in Sources */,
				685ACA761F0DDFB700C6BF2C /* AppDelegate.m in Sources */,
				68BB78FF1F1E549E00434B70 /* KlineView.m in Sources */,
				68788E441F14735D0022581E /* CALayer_CAEmitterLayer.m in Sources */,
				685ACB4B1F0E0A8200C6BF2C /* DrawRect_VC.m in Sources */,
				687BAEE31F1CFBD00001CF77 /* WaveWaterView.m in Sources */,
				68FD52F11F15C71400B3C153 /* CALayer_BaseVC.m in Sources */,
				68F6EBE01F1C88DA0076E1D0 /* CircleProgressView.m in Sources */,
				68D5236F1F1CBFF6008A4F06 /* Form_VC.m in Sources */,
				68F6EBD21F1C5D950076E1D0 /* GCDGroup.m in Sources */,
				685ACB451F0E07EF00C6BF2C /* UIBezierPath_VC.m in Sources */,
				68A704301F340C090037ECB1 /* Test_VC.m in Sources */,
				68788E4D1F14B68E0022581E /* UIBezierPath_RectView.m in Sources */,
				685ACA7F1F0DDFB700C6BF2C /* ZM_CALayerAnimation.xcdatamodeld in Sources */,
				685ACB4E1F0E0AC300C6BF2C /* CABasicAnimation_VC.m in Sources */,
				68BB79021F1E5AC100434B70 /* ZM_KLineModel.m in Sources */,
				685ACAD01F0DE04600C6BF2C /* UIBezierPath+ZJText.m in Sources */,
				685ACB541F0E107800C6BF2C /* UIBezierPath_AAView.m in Sources */,
				68788E4A1F1479D00022581E /* CABasicAnimation_VC1.m in Sources */,
				68A704341F3410AC0037ECB1 /* CustomView.m in Sources */,
				685ACA731F0DDFB700C6BF2C /* main.m in Sources */,
				68D523721F1CC064008A4F06 /* FormView.m in Sources */,
				68F6EBC01F1C4EAD0076E1D0 /* DrawRect_imgBgView.m in Sources */,
				68F6EBD31F1C5D950076E1D0 /* GCDQueue.m in Sources */,
				685ACABC1F0DDFD100C6BF2C /* FirstVController.m in Sources */,
				685ACAC71F0DE01200C6BF2C /* UIView+ZMAdd.m in Sources */,
				685ACB041F0DE35E00C6BF2C /* XSChartVController.m in Sources */,
				685ACAF41F0DE28C00C6BF2C /* GraphicsView.m in Sources */,
				68FD52F71F15F30E00B3C153 /* CAAnimation_VC.m in Sources */,
				68F6EBD51F1C5D950076E1D0 /* GCDTimer.m in Sources */,
				681C16231F3322F4008F9AA2 /* UIView+ZMAdd.m in Sources */,
				68F6EBD71F1C5D950076E1D0 /* WxHxD.m in Sources */,
				687BAEE61F1CFCC80001CF77 /* WaterWave_VC.m in Sources */,
				68F6E72C1F1D9E3000202545 /* TextAnimationVC.m in Sources */,
			);
			runOnlyForDeploymentPostprocessing = 0;
		};
		685ACA861F0DDFB700C6BF2C /* Sources */ = {
			isa = PBXSourcesBuildPhase;
			buildActionMask = 2147483647;
			files = (
				685ACA8F1F0DDFB700C6BF2C /* ZM_CALayerAnimationTests.m in Sources */,
			);
			runOnlyForDeploymentPostprocessing = 0;
		};
		685ACA911F0DDFB800C6BF2C /* Sources */ = {
			isa = PBXSourcesBuildPhase;
			buildActionMask = 2147483647;
			files = (
				685ACA9A1F0DDFB800C6BF2C /* ZM_CALayerAnimationUITests.m in Sources */,
			);
			runOnlyForDeploymentPostprocessing = 0;
		};
/* End PBXSourcesBuildPhase section */

/* Begin PBXTargetDependency section */
		685ACA8C1F0DDFB700C6BF2C /* PBXTargetDependency */ = {
			isa = PBXTargetDependency;
			target = 685ACA6D1F0DDFB700C6BF2C /* ZM_CALayerAnimation */;
			targetProxy = 685ACA8B1F0DDFB700C6BF2C /* PBXContainerItemProxy */;
		};
		685ACA971F0DDFB800C6BF2C /* PBXTargetDependency */ = {
			isa = PBXTargetDependency;
			target = 685ACA6D1F0DDFB700C6BF2C /* ZM_CALayerAnimation */;
			targetProxy = 685ACA961F0DDFB800C6BF2C /* PBXContainerItemProxy */;
		};
/* End PBXTargetDependency section */

/* Begin PBXVariantGroup section */
		685ACA7A1F0DDFB700C6BF2C /* Main.storyboard */ = {
			isa = PBXVariantGroup;
			children = (
				685ACA7B1F0DDFB700C6BF2C /* Base */,
			);
			name = Main.storyboard;
			sourceTree = "<group>";
		};
		685ACA821F0DDFB700C6BF2C /* LaunchScreen.storyboard */ = {
			isa = PBXVariantGroup;
			children = (
				685ACA831F0DDFB700C6BF2C /* Base */,
			);
			name = LaunchScreen.storyboard;
			sourceTree = "<group>";
		};
/* End PBXVariantGroup section */

/* Begin XCBuildConfiguration section */
		685ACA9C1F0DDFB800C6BF2C /* Debug */ = {
			isa = XCBuildConfiguration;
			buildSettings = {
				ALWAYS_SEARCH_USER_PATHS = NO;
				CLANG_ANALYZER_NONNULL = YES;
				CLANG_ANALYZER_NUMBER_OBJECT_CONVERSION = YES_AGGRESSIVE;
				CLANG_CXX_LANGUAGE_STANDARD = "gnu++0x";
				CLANG_CXX_LIBRARY = "libc++";
				CLANG_ENABLE_MODULES = YES;
				CLANG_ENABLE_OBJC_ARC = YES;
				CLANG_WARN_BOOL_CONVERSION = YES;
				CLANG_WARN_CONSTANT_CONVERSION = YES;
				CLANG_WARN_DIRECT_OBJC_ISA_USAGE = YES_ERROR;
				CLANG_WARN_DOCUMENTATION_COMMENTS = YES;
				CLANG_WARN_EMPTY_BODY = YES;
				CLANG_WARN_ENUM_CONVERSION = YES;
				CLANG_WARN_INFINITE_RECURSION = YES;
				CLANG_WARN_INT_CONVERSION = YES;
				CLANG_WARN_OBJC_ROOT_CLASS = YES_ERROR;
				CLANG_WARN_SUSPICIOUS_MOVE = YES;
				CLANG_WARN_UNREACHABLE_CODE = YES;
				CLANG_WARN__DUPLICATE_METHOD_MATCH = YES;
				"CODE_SIGN_IDENTITY[sdk=iphoneos*]" = "iPhone Developer";
				COPY_PHASE_STRIP = NO;
				DEBUG_INFORMATION_FORMAT = dwarf;
				ENABLE_STRICT_OBJC_MSGSEND = YES;
				ENABLE_TESTABILITY = YES;
				GCC_C_LANGUAGE_STANDARD = gnu99;
				GCC_DYNAMIC_NO_PIC = NO;
				GCC_NO_COMMON_BLOCKS = YES;
				GCC_OPTIMIZATION_LEVEL = 0;
				GCC_PREPROCESSOR_DEFINITIONS = (
					"DEBUG=1",
					"$(inherited)",
				);
				GCC_WARN_64_TO_32_BIT_CONVERSION = YES;
				GCC_WARN_ABOUT_RETURN_TYPE = YES_ERROR;
				GCC_WARN_UNDECLARED_SELECTOR = YES;
				GCC_WARN_UNINITIALIZED_AUTOS = YES_AGGRESSIVE;
				GCC_WARN_UNUSED_FUNCTION = YES;
				GCC_WARN_UNUSED_VARIABLE = YES;
				IPHONEOS_DEPLOYMENT_TARGET = 10.3;
				MTL_ENABLE_DEBUG_INFO = YES;
				ONLY_ACTIVE_ARCH = YES;
				SDKROOT = iphoneos;
				TARGETED_DEVICE_FAMILY = "1,2";
			};
			name = Debug;
		};
		685ACA9D1F0DDFB800C6BF2C /* Release */ = {
			isa = XCBuildConfiguration;
			buildSettings = {
				ALWAYS_SEARCH_USER_PATHS = NO;
				CLANG_ANALYZER_NONNULL = YES;
				CLANG_ANALYZER_NUMBER_OBJECT_CONVERSION = YES_AGGRESSIVE;
				CLANG_CXX_LANGUAGE_STANDARD = "gnu++0x";
				CLANG_CXX_LIBRARY = "libc++";
				CLANG_ENABLE_MODULES = YES;
				CLANG_ENABLE_OBJC_ARC = YES;
				CLANG_WARN_BOOL_CONVERSION = YES;
				CLANG_WARN_CONSTANT_CONVERSION = YES;
				CLANG_WARN_DIRECT_OBJC_ISA_USAGE = YES_ERROR;
				CLANG_WARN_DOCUMENTATION_COMMENTS = YES;
				CLANG_WARN_EMPTY_BODY = YES;
				CLANG_WARN_ENUM_CONVERSION = YES;
				CLANG_WARN_INFINITE_RECURSION = YES;
				CLANG_WARN_INT_CONVERSION = YES;
				CLANG_WARN_OBJC_ROOT_CLASS = YES_ERROR;
				CLANG_WARN_SUSPICIOUS_MOVE = YES;
				CLANG_WARN_UNREACHABLE_CODE = YES;
				CLANG_WARN__DUPLICATE_METHOD_MATCH = YES;
				"CODE_SIGN_IDENTITY[sdk=iphoneos*]" = "iPhone Developer";
				COPY_PHASE_STRIP = NO;
				DEBUG_INFORMATION_FORMAT = "dwarf-with-dsym";
				ENABLE_NS_ASSERTIONS = NO;
				ENABLE_STRICT_OBJC_MSGSEND = YES;
				GCC_C_LANGUAGE_STANDARD = gnu99;
				GCC_NO_COMMON_BLOCKS = YES;
				GCC_WARN_64_TO_32_BIT_CONVERSION = YES;
				GCC_WARN_ABOUT_RETURN_TYPE = YES_ERROR;
				GCC_WARN_UNDECLARED_SELECTOR = YES;
				GCC_WARN_UNINITIALIZED_AUTOS = YES_AGGRESSIVE;
				GCC_WARN_UNUSED_FUNCTION = YES;
				GCC_WARN_UNUSED_VARIABLE = YES;
				IPHONEOS_DEPLOYMENT_TARGET = 10.3;
				MTL_ENABLE_DEBUG_INFO = NO;
				SDKROOT = iphoneos;
				TARGETED_DEVICE_FAMILY = "1,2";
				VALIDATE_PRODUCT = YES;
			};
			name = Release;
		};
		685ACA9F1F0DDFB800C6BF2C /* Debug */ = {
			isa = XCBuildConfiguration;
			buildSettings = {
				ASSETCATALOG_COMPILER_APPICON_NAME = AppIcon;
				DEVELOPMENT_TEAM = 6VVZ2WJX69;
				INFOPLIST_FILE = ZM_CALayerAnimation/Info.plist;
				LD_RUNPATH_SEARCH_PATHS = "$(inherited) @executable_path/Frameworks";
				PRODUCT_BUNDLE_IDENTIFIER = "com.td.ZM-CALayerAnimation";
				PRODUCT_NAME = "$(TARGET_NAME)";
			};
			name = Debug;
		};
		685ACAA01F0DDFB800C6BF2C /* Release */ = {
			isa = XCBuildConfiguration;
			buildSettings = {
				ASSETCATALOG_COMPILER_APPICON_NAME = AppIcon;
				DEVELOPMENT_TEAM = 6VVZ2WJX69;
				INFOPLIST_FILE = ZM_CALayerAnimation/Info.plist;
				LD_RUNPATH_SEARCH_PATHS = "$(inherited) @executable_path/Frameworks";
				PRODUCT_BUNDLE_IDENTIFIER = "com.td.ZM-CALayerAnimation";
				PRODUCT_NAME = "$(TARGET_NAME)";
			};
			name = Release;
		};
		685ACAA21F0DDFB800C6BF2C /* Debug */ = {
			isa = XCBuildConfiguration;
			buildSettings = {
				BUNDLE_LOADER = "$(TEST_HOST)";
				DEVELOPMENT_TEAM = 6VVZ2WJX69;
				INFOPLIST_FILE = ZM_CALayerAnimationTests/Info.plist;
				LD_RUNPATH_SEARCH_PATHS = "$(inherited) @executable_path/Frameworks @loader_path/Frameworks";
				PRODUCT_BUNDLE_IDENTIFIER = "com.td.ZM-CALayerAnimationTests";
				PRODUCT_NAME = "$(TARGET_NAME)";
				TEST_HOST = "$(BUILT_PRODUCTS_DIR)/ZM_CALayerAnimation.app/ZM_CALayerAnimation";
			};
			name = Debug;
		};
		685ACAA31F0DDFB800C6BF2C /* Release */ = {
			isa = XCBuildConfiguration;
			buildSettings = {
				BUNDLE_LOADER = "$(TEST_HOST)";
				DEVELOPMENT_TEAM = 6VVZ2WJX69;
				INFOPLIST_FILE = ZM_CALayerAnimationTests/Info.plist;
				LD_RUNPATH_SEARCH_PATHS = "$(inherited) @executable_path/Frameworks @loader_path/Frameworks";
				PRODUCT_BUNDLE_IDENTIFIER = "com.td.ZM-CALayerAnimationTests";
				PRODUCT_NAME = "$(TARGET_NAME)";
				TEST_HOST = "$(BUILT_PRODUCTS_DIR)/ZM_CALayerAnimation.app/ZM_CALayerAnimation";
			};
			name = Release;
		};
		685ACAA51F0DDFB800C6BF2C /* Debug */ = {
			isa = XCBuildConfiguration;
			buildSettings = {
				DEVELOPMENT_TEAM = 6VVZ2WJX69;
				INFOPLIST_FILE = ZM_CALayerAnimationUITests/Info.plist;
				LD_RUNPATH_SEARCH_PATHS = "$(inherited) @executable_path/Frameworks @loader_path/Frameworks";
				PRODUCT_BUNDLE_IDENTIFIER = "com.td.ZM-CALayerAnimationUITests";
				PRODUCT_NAME = "$(TARGET_NAME)";
				TEST_TARGET_NAME = ZM_CALayerAnimation;
			};
			name = Debug;
		};
		685ACAA61F0DDFB800C6BF2C /* Release */ = {
			isa = XCBuildConfiguration;
			buildSettings = {
				DEVELOPMENT_TEAM = 6VVZ2WJX69;
				INFOPLIST_FILE = ZM_CALayerAnimationUITests/Info.plist;
				LD_RUNPATH_SEARCH_PATHS = "$(inherited) @executable_path/Frameworks @loader_path/Frameworks";
				PRODUCT_BUNDLE_IDENTIFIER = "com.td.ZM-CALayerAnimationUITests";
				PRODUCT_NAME = "$(TARGET_NAME)";
				TEST_TARGET_NAME = ZM_CALayerAnimation;
			};
			name = Release;
		};
/* End XCBuildConfiguration section */

/* Begin XCConfigurationList section */
		685ACA691F0DDFB700C6BF2C /* Build configuration list for PBXProject "ZM_CALayerAnimation" */ = {
			isa = XCConfigurationList;
			buildConfigurations = (
				685ACA9C1F0DDFB800C6BF2C /* Debug */,
				685ACA9D1F0DDFB800C6BF2C /* Release */,
			);
			defaultConfigurationIsVisible = 0;
			defaultConfigurationName = Release;
		};
		685ACA9E1F0DDFB800C6BF2C /* Build configuration list for PBXNativeTarget "ZM_CALayerAnimation" */ = {
			isa = XCConfigurationList;
			buildConfigurations = (
				685ACA9F1F0DDFB800C6BF2C /* Debug */,
				685ACAA01F0DDFB800C6BF2C /* Release */,
			);
			defaultConfigurationIsVisible = 0;
			defaultConfigurationName = Release;
		};
		685ACAA11F0DDFB800C6BF2C /* Build configuration list for PBXNativeTarget "ZM_CALayerAnimationTests" */ = {
			isa = XCConfigurationList;
			buildConfigurations = (
				685ACAA21F0DDFB800C6BF2C /* Debug */,
				685ACAA31F0DDFB800C6BF2C /* Release */,
			);
			defaultConfigurationIsVisible = 0;
			defaultConfigurationName = Release;
		};
		685ACAA41F0DDFB800C6BF2C /* Build configuration list for PBXNativeTarget "ZM_CALayerAnimationUITests" */ = {
			isa = XCConfigurationList;
			buildConfigurations = (
				685ACAA51F0DDFB800C6BF2C /* Debug */,
				685ACAA61F0DDFB800C6BF2C /* Release */,
			);
			defaultConfigurationIsVisible = 0;
			defaultConfigurationName = Release;
		};
/* End XCConfigurationList section */

/* Begin XCVersionGroup section */
		685ACA7D1F0DDFB700C6BF2C /* ZM_CALayerAnimation.xcdatamodeld */ = {
			isa = XCVersionGroup;
			children = (
				685ACA7E1F0DDFB700C6BF2C /* ZM_CALayerAnimation.xcdatamodel */,
			);
			currentVersion = 685ACA7E1F0DDFB700C6BF2C /* ZM_CALayerAnimation.xcdatamodel */;
			path = ZM_CALayerAnimation.xcdatamodeld;
			sourceTree = "<group>";
			versionGroupType = wrapper.xcdatamodel;
		};
/* End XCVersionGroup section */
	};
	rootObject = 685ACA661F0DDFB700C6BF2C /* Project object */;
}
